
Microsoft Visual Studio Solution File, Format Version 12.00
# Visual Studio 15
VisualStudioVersion = 15.0.27004.2010
MinimumVisualStudioVersion = 10.0.40219.1
Project("{FAE04EC0-301F-11D3-BF4B-00C04F79EFBC}") = "CreditApp02", "CreditApp02\CreditApp02\CreditApp02.csproj", "{F9E2DF61-4955-418C-93DD-7EA8CBE07C98}"
EndProject
Project("{FAE04EC0-301F-11D3-BF4B-00C04F79EFBC}") = "CreditApp02.UWP", "CreditApp02\CreditApp02.UWP\CreditApp02.UWP.csproj", "{713F45FC-654F-42FC-9529-AC6D8F997F0B}"
EndProject
Project("{FAE04EC0-301F-11D3-BF4B-00C04F79EFBC}") = "CreditApp02.Domain", "CreditApp02.Domain\CreditApp02.Domain.csproj", "{C951F9AF-6545-4B84-8485-CD7840F35683}"
EndProject
Project("{FAE04EC0-301F-11D3-BF4B-00C04F79EFBC}") = "CreditApp02.Infrastructure.Data", "CreditApp.Infrastructure.Data\CreditApp02.Infrastructure.Data.csproj", "{63D7504C-3207-47A6-A4E0-DEBC42362DF5}"
EndProject
Project("{FAE04EC0-301F-11D3-BF4B-00C04F79EFBC}") = "CreditApp02.Infrastructure.Dto", "CreditApp.Infrastructure.Dto\CreditApp02.Infrastructure.Dto.csproj", "{D94F06B6-BE8F-410D-AE49-B18CB8833DB5}"
EndProject
Project("{FAE04EC0-301F-11D3-BF4B-00C04F79EFBC}") = "CreditApp02.Helpers", "CreditApp02.Helpers\CreditApp02.Helpers.csproj", "{F4009110-0304-433E-BF39-00672B6B61D4}"
EndProject
Global
	GlobalSection(SolutionConfigurationPlatforms) = preSolution
		Ad-Hoc|Any CPU = Ad-Hoc|Any CPU
		Ad-Hoc|ARM = Ad-Hoc|ARM
		Ad-Hoc|iPhone = Ad-Hoc|iPhone
		Ad-Hoc|iPhoneSimulator = Ad-Hoc|iPhoneSimulator
		Ad-Hoc|x64 = Ad-Hoc|x64
		Ad-Hoc|x86 = Ad-Hoc|x86
		AppStore|Any CPU = AppStore|Any CPU
		AppStore|ARM = AppStore|ARM
		AppStore|iPhone = AppStore|iPhone
		AppStore|iPhoneSimulator = AppStore|iPhoneSimulator
		AppStore|x64 = AppStore|x64
		AppStore|x86 = AppStore|x86
		Debug|Any CPU = Debug|Any CPU
		Debug|ARM = Debug|ARM
		Debug|iPhone = Debug|iPhone
		Debug|iPhoneSimulator = Debug|iPhoneSimulator
		Debug|x64 = Debug|x64
		Debug|x86 = Debug|x86
		Release|Any CPU = Release|Any CPU
		Release|ARM = Release|ARM
		Release|iPhone = Release|iPhone
		Release|iPhoneSimulator = Release|iPhoneSimulator
		Release|x64 = Release|x64
		Release|x86 = Release|x86
	EndGlobalSection
	GlobalSection(ProjectConfigurationPlatforms) = postSolution
		{F9E2DF61-4955-418C-93DD-7EA8CBE07C98}.Ad-Hoc|Any CPU.ActiveCfg = Release|Any CPU
		{F9E2DF61-4955-418C-93DD-7EA8CBE07C98}.Ad-Hoc|Any CPU.Build.0 = Release|Any CPU
		{F9E2DF61-4955-418C-93DD-7EA8CBE07C98}.Ad-Hoc|ARM.ActiveCfg = Release|Any CPU
		{F9E2DF61-4955-418C-93DD-7EA8CBE07C98}.Ad-Hoc|ARM.Build.0 = Release|Any CPU
		{F9E2DF61-4955-418C-93DD-7EA8CBE07C98}.Ad-Hoc|iPhone.ActiveCfg = Release|Any CPU
		{F9E2DF61-4955-418C-93DD-7EA8CBE07C98}.Ad-Hoc|iPhone.Build.0 = Release|Any CPU
		{F9E2DF61-4955-418C-93DD-7EA8CBE07C98}.Ad-Hoc|iPhoneSimulator.ActiveCfg = Release|Any CPU
		{F9E2DF61-4955-418C-93DD-7EA8CBE07C98}.Ad-Hoc|iPhoneSimulator.Build.0 = Release|Any CPU
		{F9E2DF61-4955-418C-93DD-7EA8CBE07C98}.Ad-Hoc|x64.ActiveCfg = Release|Any CPU
		{F9E2DF61-4955-418C-93DD-7EA8CBE07C98}.Ad-Hoc|x64.Build.0 = Release|Any CPU
		{F9E2DF61-4955-418C-93DD-7EA8CBE07C98}.Ad-Hoc|x86.ActiveCfg = Release|Any CPU
		{F9E2DF61-4955-418C-93DD-7EA8CBE07C98}.Ad-Hoc|x86.Build.0 = Release|Any CPU
		{F9E2DF61-4955-418C-93DD-7EA8CBE07C98}.AppStore|Any CPU.ActiveCfg = Release|Any CPU
		{F9E2DF61-4955-418C-93DD-7EA8CBE07C98}.AppStore|Any CPU.Build.0 = Release|Any CPU
		{F9E2DF61-4955-418C-93DD-7EA8CBE07C98}.AppStore|ARM.ActiveCfg = Release|Any CPU
		{F9E2DF61-4955-418C-93DD-7EA8CBE07C98}.AppStore|ARM.Build.0 = Release|Any CPU
		{F9E2DF61-4955-418C-93DD-7EA8CBE07C98}.AppStore|iPhone.ActiveCfg = Release|Any CPU
		{F9E2DF61-4955-418C-93DD-7EA8CBE07C98}.AppStore|iPhone.Build.0 = Release|Any CPU
		{F9E2DF61-4955-418C-93DD-7EA8CBE07C98}.AppStore|iPhoneSimulator.ActiveCfg = Release|Any CPU
		{F9E2DF61-4955-418C-93DD-7EA8CBE07C98}.AppStore|iPhoneSimulator.Build.0 = Release|Any CPU
		{F9E2DF61-4955-418C-93DD-7EA8CBE07C98}.AppStore|x64.ActiveCfg = Release|Any CPU
		{F9E2DF61-4955-418C-93DD-7EA8CBE07C98}.AppStore|x64.Build.0 = Release|Any CPU
		{F9E2DF61-4955-418C-93DD-7EA8CBE07C98}.AppStore|x86.ActiveCfg = Release|Any CPU
		{F9E2DF61-4955-418C-93DD-7EA8CBE07C98}.AppStore|x86.Build.0 = Release|Any CPU
		{F9E2DF61-4955-418C-93DD-7EA8CBE07C98}.Debug|Any CPU.ActiveCfg = Debug|Any CPU
		{F9E2DF61-4955-418C-93DD-7EA8CBE07C98}.Debug|Any CPU.Build.0 = Debug|Any CPU
		{F9E2DF61-4955-418C-93DD-7EA8CBE07C98}.Debug|ARM.ActiveCfg = Debug|Any CPU
		{F9E2DF61-4955-418C-93DD-7EA8CBE07C98}.Debug|ARM.Build.0 = Debug|Any CPU
		{F9E2DF61-4955-418C-93DD-7EA8CBE07C98}.Debug|iPhone.ActiveCfg = Debug|Any CPU
		{F9E2DF61-4955-418C-93DD-7EA8CBE07C98}.Debug|iPhone.Build.0 = Debug|Any CPU
		{F9E2DF61-4955-418C-93DD-7EA8CBE07C98}.Debug|iPhoneSimulator.ActiveCfg = Debug|Any CPU
		{F9E2DF61-4955-418C-93DD-7EA8CBE07C98}.Debug|iPhoneSimulator.Build.0 = Debug|Any CPU
		{F9E2DF61-4955-418C-93DD-7EA8CBE07C98}.Debug|x64.ActiveCfg = Debug|Any CPU
		{F9E2DF61-4955-418C-93DD-7EA8CBE07C98}.Debug|x64.Build.0 = Debug|Any CPU
		{F9E2DF61-4955-418C-93DD-7EA8CBE07C98}.Debug|x86.ActiveCfg = Debug|Any CPU
		{F9E2DF61-4955-418C-93DD-7EA8CBE07C98}.Debug|x86.Build.0 = Debug|Any CPU
		{F9E2DF61-4955-418C-93DD-7EA8CBE07C98}.Release|Any CPU.ActiveCfg = Release|Any CPU
		{F9E2DF61-4955-418C-93DD-7EA8CBE07C98}.Release|Any CPU.Build.0 = Release|Any CPU
		{F9E2DF61-4955-418C-93DD-7EA8CBE07C98}.Release|ARM.ActiveCfg = Release|Any CPU
		{F9E2DF61-4955-418C-93DD-7EA8CBE07C98}.Release|ARM.Build.0 = Release|Any CPU
		{F9E2DF61-4955-418C-93DD-7EA8CBE07C98}.Release|iPhone.ActiveCfg = Release|Any CPU
		{F9E2DF61-4955-418C-93DD-7EA8CBE07C98}.Release|iPhone.Build.0 = Release|Any CPU
		{F9E2DF61-4955-418C-93DD-7EA8CBE07C98}.Release|iPhoneSimulator.ActiveCfg = Release|Any CPU
		{F9E2DF61-4955-418C-93DD-7EA8CBE07C98}.Release|iPhoneSimulator.Build.0 = Release|Any CPU
		{F9E2DF61-4955-418C-93DD-7EA8CBE07C98}.Release|x64.ActiveCfg = Release|Any CPU
		{F9E2DF61-4955-418C-93DD-7EA8CBE07C98}.Release|x64.Build.0 = Release|Any CPU
		{F9E2DF61-4955-418C-93DD-7EA8CBE07C98}.Release|x86.ActiveCfg = Release|Any CPU
		{F9E2DF61-4955-418C-93DD-7EA8CBE07C98}.Release|x86.Build.0 = Release|Any CPU
		{713F45FC-654F-42FC-9529-AC6D8F997F0B}.Ad-Hoc|Any CPU.ActiveCfg = Release|x86
		{713F45FC-654F-42FC-9529-AC6D8F997F0B}.Ad-Hoc|Any CPU.Build.0 = Release|x86
		{713F45FC-654F-42FC-9529-AC6D8F997F0B}.Ad-Hoc|Any CPU.Deploy.0 = Release|x86
		{713F45FC-654F-42FC-9529-AC6D8F997F0B}.Ad-Hoc|ARM.ActiveCfg = Release|ARM
		{713F45FC-654F-42FC-9529-AC6D8F997F0B}.Ad-Hoc|ARM.Build.0 = Release|ARM
		{713F45FC-654F-42FC-9529-AC6D8F997F0B}.Ad-Hoc|ARM.Deploy.0 = Release|ARM
		{713F45FC-654F-42FC-9529-AC6D8F997F0B}.Ad-Hoc|iPhone.ActiveCfg = Release|x86
		{713F45FC-654F-42FC-9529-AC6D8F997F0B}.Ad-Hoc|iPhone.Build.0 = Release|x86
		{713F45FC-654F-42FC-9529-AC6D8F997F0B}.Ad-Hoc|iPhone.Deploy.0 = Release|x86
		{713F45FC-654F-42FC-9529-AC6D8F997F0B}.Ad-Hoc|iPhoneSimulator.ActiveCfg = Release|x86
		{713F45FC-654F-42FC-9529-AC6D8F997F0B}.Ad-Hoc|iPhoneSimulator.Build.0 = Release|x86
		{713F45FC-654F-42FC-9529-AC6D8F997F0B}.Ad-Hoc|iPhoneSimulator.Deploy.0 = Release|x86
		{713F45FC-654F-42FC-9529-AC6D8F997F0B}.Ad-Hoc|x64.ActiveCfg = Release|x64
		{713F45FC-654F-42FC-9529-AC6D8F997F0B}.Ad-Hoc|x64.Build.0 = Release|x64
		{713F45FC-654F-42FC-9529-AC6D8F997F0B}.Ad-Hoc|x64.Deploy.0 = Release|x64
		{713F45FC-654F-42FC-9529-AC6D8F997F0B}.Ad-Hoc|x86.ActiveCfg = Release|x86
		{713F45FC-654F-42FC-9529-AC6D8F997F0B}.Ad-Hoc|x86.Build.0 = Release|x86
		{713F45FC-654F-42FC-9529-AC6D8F997F0B}.Ad-Hoc|x86.Deploy.0 = Release|x86
		{713F45FC-654F-42FC-9529-AC6D8F997F0B}.AppStore|Any CPU.ActiveCfg = Release|x86
		{713F45FC-654F-42FC-9529-AC6D8F997F0B}.AppStore|Any CPU.Build.0 = Release|x86
		{713F45FC-654F-42FC-9529-AC6D8F997F0B}.AppStore|Any CPU.Deploy.0 = Release|x86
		{713F45FC-654F-42FC-9529-AC6D8F997F0B}.AppStore|ARM.ActiveCfg = Release|ARM
		{713F45FC-654F-42FC-9529-AC6D8F997F0B}.AppStore|ARM.Build.0 = Release|ARM
		{713F45FC-654F-42FC-9529-AC6D8F997F0B}.AppStore|ARM.Deploy.0 = Release|ARM
		{713F45FC-654F-42FC-9529-AC6D8F997F0B}.AppStore|iPhone.ActiveCfg = Release|x86
		{713F45FC-654F-42FC-9529-AC6D8F997F0B}.AppStore|iPhone.Build.0 = Release|x86
		{713F45FC-654F-42FC-9529-AC6D8F997F0B}.AppStore|iPhone.Deploy.0 = Release|x86
		{713F45FC-654F-42FC-9529-AC6D8F997F0B}.AppStore|iPhoneSimulator.ActiveCfg = Release|x86
		{713F45FC-654F-42FC-9529-AC6D8F997F0B}.AppStore|iPhoneSimulator.Build.0 = Release|x86
		{713F45FC-654F-42FC-9529-AC6D8F997F0B}.AppStore|iPhoneSimulator.Deploy.0 = Release|x86
		{713F45FC-654F-42FC-9529-AC6D8F997F0B}.AppStore|x64.ActiveCfg = Release|x64
		{713F45FC-654F-42FC-9529-AC6D8F997F0B}.AppStore|x64.Build.0 = Release|x64
		{713F45FC-654F-42FC-9529-AC6D8F997F0B}.AppStore|x64.Deploy.0 = Release|x64
		{713F45FC-654F-42FC-9529-AC6D8F997F0B}.AppStore|x86.ActiveCfg = Release|x86
		{713F45FC-654F-42FC-9529-AC6D8F997F0B}.AppStore|x86.Build.0 = Release|x86
		{713F45FC-654F-42FC-9529-AC6D8F997F0B}.AppStore|x86.Deploy.0 = Release|x86
		{713F45FC-654F-42FC-9529-AC6D8F997F0B}.Debug|Any CPU.ActiveCfg = Debug|x86
		{713F45FC-654F-42FC-9529-AC6D8F997F0B}.Debug|Any CPU.Build.0 = Debug|x86
		{713F45FC-654F-42FC-9529-AC6D8F997F0B}.Debug|Any CPU.Deploy.0 = Debug|x86
		{713F45FC-654F-42FC-9529-AC6D8F997F0B}.Debug|ARM.ActiveCfg = Debug|ARM
		{713F45FC-654F-42FC-9529-AC6D8F997F0B}.Debug|ARM.Build.0 = Debug|ARM
		{713F45FC-654F-42FC-9529-AC6D8F997F0B}.Debug|ARM.Deploy.0 = Debug|ARM
		{713F45FC-654F-42FC-9529-AC6D8F997F0B}.Debug|iPhone.ActiveCfg = Debug|x86
		{713F45FC-654F-42FC-9529-AC6D8F997F0B}.Debug|iPhoneSimulator.ActiveCfg = Debug|x86
		{713F45FC-654F-42FC-9529-AC6D8F997F0B}.Debug|x64.ActiveCfg = Debug|x64
		{713F45FC-654F-42FC-9529-AC6D8F997F0B}.Debug|x64.Build.0 = Debug|x64
		{713F45FC-654F-42FC-9529-AC6D8F997F0B}.Debug|x64.Deploy.0 = Debug|x64
		{713F45FC-654F-42FC-9529-AC6D8F997F0B}.Debug|x86.ActiveCfg = Debug|x86
		{713F45FC-654F-42FC-9529-AC6D8F997F0B}.Debug|x86.Build.0 = Debug|x86
		{713F45FC-654F-42FC-9529-AC6D8F997F0B}.Debug|x86.Deploy.0 = Debug|x86
		{713F45FC-654F-42FC-9529-AC6D8F997F0B}.Release|Any CPU.ActiveCfg = Release|x86
		{713F45FC-654F-42FC-9529-AC6D8F997F0B}.Release|ARM.ActiveCfg = Release|ARM
		{713F45FC-654F-42FC-9529-AC6D8F997F0B}.Release|ARM.Build.0 = Release|ARM
		{713F45FC-654F-42FC-9529-AC6D8F997F0B}.Release|ARM.Deploy.0 = Release|ARM
		{713F45FC-654F-42FC-9529-AC6D8F997F0B}.Release|iPhone.ActiveCfg = Release|x86
		{713F45FC-654F-42FC-9529-AC6D8F997F0B}.Release|iPhoneSimulator.ActiveCfg = Release|x86
		{713F45FC-654F-42FC-9529-AC6D8F997F0B}.Release|x64.ActiveCfg = Release|x64
		{713F45FC-654F-42FC-9529-AC6D8F997F0B}.Release|x64.Build.0 = Release|x64
		{713F45FC-654F-42FC-9529-AC6D8F997F0B}.Release|x64.Deploy.0 = Release|x64
		{713F45FC-654F-42FC-9529-AC6D8F997F0B}.Release|x86.ActiveCfg = Release|x86
		{713F45FC-654F-42FC-9529-AC6D8F997F0B}.Release|x86.Build.0 = Release|x86
		{713F45FC-654F-42FC-9529-AC6D8F997F0B}.Release|x86.Deploy.0 = Release|x86
		{C951F9AF-6545-4B84-8485-CD7840F35683}.Ad-Hoc|Any CPU.ActiveCfg = Release|Any CPU
		{C951F9AF-6545-4B84-8485-CD7840F35683}.Ad-Hoc|Any CPU.Build.0 = Release|Any CPU
		{C951F9AF-6545-4B84-8485-CD7840F35683}.Ad-Hoc|ARM.ActiveCfg = Release|Any CPU
		{C951F9AF-6545-4B84-8485-CD7840F35683}.Ad-Hoc|ARM.Build.0 = Release|Any CPU
		{C951F9AF-6545-4B84-8485-CD7840F35683}.Ad-Hoc|iPhone.ActiveCfg = Release|Any CPU
		{C951F9AF-6545-4B84-8485-CD7840F35683}.Ad-Hoc|iPhone.Build.0 = Release|Any CPU
		{C951F9AF-6545-4B84-8485-CD7840F35683}.Ad-Hoc|iPhoneSimulator.ActiveCfg = Release|Any CPU
		{C951F9AF-6545-4B84-8485-CD7840F35683}.Ad-Hoc|iPhoneSimulator.Build.0 = Release|Any CPU
		{C951F9AF-6545-4B84-8485-CD7840F35683}.Ad-Hoc|x64.ActiveCfg = Release|Any CPU
		{C951F9AF-6545-4B84-8485-CD7840F35683}.Ad-Hoc|x64.Build.0 = Release|Any CPU
		{C951F9AF-6545-4B84-8485-CD7840F35683}.Ad-Hoc|x86.ActiveCfg = Release|Any CPU
		{C951F9AF-6545-4B84-8485-CD7840F35683}.Ad-Hoc|x86.Build.0 = Release|Any CPU
		{C951F9AF-6545-4B84-8485-CD7840F35683}.AppStore|Any CPU.ActiveCfg = Release|Any CPU
		{C951F9AF-6545-4B84-8485-CD7840F35683}.AppStore|Any CPU.Build.0 = Release|Any CPU
		{C951F9AF-6545-4B84-8485-CD7840F35683}.AppStore|ARM.ActiveCfg = Release|Any CPU
		{C951F9AF-6545-4B84-8485-CD7840F35683}.AppStore|ARM.Build.0 = Release|Any CPU
		{C951F9AF-6545-4B84-8485-CD7840F35683}.AppStore|iPhone.ActiveCfg = Release|Any CPU
		{C951F9AF-6545-4B84-8485-CD7840F35683}.AppStore|iPhone.Build.0 = Release|Any CPU
		{C951F9AF-6545-4B84-8485-CD7840F35683}.AppStore|iPhoneSimulator.ActiveCfg = Release|Any CPU
		{C951F9AF-6545-4B84-8485-CD7840F35683}.AppStore|iPhoneSimulator.Build.0 = Release|Any CPU
		{C951F9AF-6545-4B84-8485-CD7840F35683}.AppStore|x64.ActiveCfg = Release|Any CPU
		{C951F9AF-6545-4B84-8485-CD7840F35683}.AppStore|x64.Build.0 = Release|Any CPU
		{C951F9AF-6545-4B84-8485-CD7840F35683}.AppStore|x86.ActiveCfg = Release|Any CPU
		{C951F9AF-6545-4B84-8485-CD7840F35683}.AppStore|x86.Build.0 = Release|Any CPU
		{C951F9AF-6545-4B84-8485-CD7840F35683}.Debug|Any CPU.ActiveCfg = Debug|Any CPU
		{C951F9AF-6545-4B84-8485-CD7840F35683}.Debug|Any CPU.Build.0 = Debug|Any CPU
		{C951F9AF-6545-4B84-8485-CD7840F35683}.Debug|ARM.ActiveCfg = Debug|Any CPU
		{C951F9AF-6545-4B84-8485-CD7840F35683}.Debug|ARM.Build.0 = Debug|Any CPU
		{C951F9AF-6545-4B84-8485-CD7840F35683}.Debug|iPhone.ActiveCfg = Debug|Any CPU
		{C951F9AF-6545-4B84-8485-CD7840F35683}.Debug|iPhone.Build.0 = Debug|Any CPU
		{C951F9AF-6545-4B84-8485-CD7840F35683}.Debug|iPhoneSimulator.ActiveCfg = Debug|Any CPU
		{C951F9AF-6545-4B84-8485-CD7840F35683}.Debug|iPhoneSimulator.Build.0 = Debug|Any CPU
		{C951F9AF-6545-4B84-8485-CD7840F35683}.Debug|x64.ActiveCfg = Debug|Any CPU
		{C951F9AF-6545-4B84-8485-CD7840F35683}.Debug|x64.Build.0 = Debug|Any CPU
		{C951F9AF-6545-4B84-8485-CD7840F35683}.Debug|x86.ActiveCfg = Debug|Any CPU
		{C951F9AF-6545-4B84-8485-CD7840F35683}.Debug|x86.Build.0 = Debug|Any CPU
		{C951F9AF-6545-4B84-8485-CD7840F35683}.Release|Any CPU.ActiveCfg = Release|Any CPU
		{C951F9AF-6545-4B84-8485-CD7840F35683}.Release|Any CPU.Build.0 = Release|Any CPU
		{C951F9AF-6545-4B84-8485-CD7840F35683}.Release|ARM.ActiveCfg = Release|Any CPU
		{C951F9AF-6545-4B84-8485-CD7840F35683}.Release|ARM.Build.0 = Release|Any CPU
		{C951F9AF-6545-4B84-8485-CD7840F35683}.Release|iPhone.ActiveCfg = Release|Any CPU
		{C951F9AF-6545-4B84-8485-CD7840F35683}.Release|iPhone.Build.0 = Release|Any CPU
		{C951F9AF-6545-4B84-8485-CD7840F35683}.Release|iPhoneSimulator.ActiveCfg = Release|Any CPU
		{C951F9AF-6545-4B84-8485-CD7840F35683}.Release|iPhoneSimulator.Build.0 = Release|Any CPU
		{C951F9AF-6545-4B84-8485-CD7840F35683}.Release|x64.ActiveCfg = Release|Any CPU
		{C951F9AF-6545-4B84-8485-CD7840F35683}.Release|x64.Build.0 = Release|Any CPU
		{C951F9AF-6545-4B84-8485-CD7840F35683}.Release|x86.ActiveCfg = Release|Any CPU
		{C951F9AF-6545-4B84-8485-CD7840F35683}.Release|x86.Build.0 = Release|Any CPU
		{63D7504C-3207-47A6-A4E0-DEBC42362DF5}.Ad-Hoc|Any CPU.ActiveCfg = Release|Any CPU
		{63D7504C-3207-47A6-A4E0-DEBC42362DF5}.Ad-Hoc|Any CPU.Build.0 = Release|Any CPU
		{63D7504C-3207-47A6-A4E0-DEBC42362DF5}.Ad-Hoc|ARM.ActiveCfg = Release|Any CPU
		{63D7504C-3207-47A6-A4E0-DEBC42362DF5}.Ad-Hoc|ARM.Build.0 = Release|Any CPU
		{63D7504C-3207-47A6-A4E0-DEBC42362DF5}.Ad-Hoc|iPhone.ActiveCfg = Release|Any CPU
		{63D7504C-3207-47A6-A4E0-DEBC42362DF5}.Ad-Hoc|iPhone.Build.0 = Release|Any CPU
		{63D7504C-3207-47A6-A4E0-DEBC42362DF5}.Ad-Hoc|iPhoneSimulator.ActiveCfg = Release|Any CPU
		{63D7504C-3207-47A6-A4E0-DEBC42362DF5}.Ad-Hoc|iPhoneSimulator.Build.0 = Release|Any CPU
		{63D7504C-3207-47A6-A4E0-DEBC42362DF5}.Ad-Hoc|x64.ActiveCfg = Release|Any CPU
		{63D7504C-3207-47A6-A4E0-DEBC42362DF5}.Ad-Hoc|x64.Build.0 = Release|Any CPU
		{63D7504C-3207-47A6-A4E0-DEBC42362DF5}.Ad-Hoc|x86.ActiveCfg = Release|Any CPU
		{63D7504C-3207-47A6-A4E0-DEBC42362DF5}.Ad-Hoc|x86.Build.0 = Release|Any CPU
		{63D7504C-3207-47A6-A4E0-DEBC42362DF5}.AppStore|Any CPU.ActiveCfg = Release|Any CPU
		{63D7504C-3207-47A6-A4E0-DEBC42362DF5}.AppStore|Any CPU.Build.0 = Release|Any CPU
		{63D7504C-3207-47A6-A4E0-DEBC42362DF5}.AppStore|ARM.ActiveCfg = Release|Any CPU
		{63D7504C-3207-47A6-A4E0-DEBC42362DF5}.AppStore|ARM.Build.0 = Release|Any CPU
		{63D7504C-3207-47A6-A4E0-DEBC42362DF5}.AppStore|iPhone.ActiveCfg = Release|Any CPU
		{63D7504C-3207-47A6-A4E0-DEBC42362DF5}.AppStore|iPhone.Build.0 = Release|Any CPU
		{63D7504C-3207-47A6-A4E0-DEBC42362DF5}.AppStore|iPhoneSimulator.ActiveCfg = Release|Any CPU
		{63D7504C-3207-47A6-A4E0-DEBC42362DF5}.AppStore|iPhoneSimulator.Build.0 = Release|Any CPU
		{63D7504C-3207-47A6-A4E0-DEBC42362DF5}.AppStore|x64.ActiveCfg = Release|Any CPU
		{63D7504C-3207-47A6-A4E0-DEBC42362DF5}.AppStore|x64.Build.0 = Release|Any CPU
		{63D7504C-3207-47A6-A4E0-DEBC42362DF5}.AppStore|x86.ActiveCfg = Release|Any CPU
		{63D7504C-3207-47A6-A4E0-DEBC42362DF5}.AppStore|x86.Build.0 = Release|Any CPU
		{63D7504C-3207-47A6-A4E0-DEBC42362DF5}.Debug|Any CPU.ActiveCfg = Debug|Any CPU
		{63D7504C-3207-47A6-A4E0-DEBC42362DF5}.Debug|Any CPU.Build.0 = Debug|Any CPU
		{63D7504C-3207-47A6-A4E0-DEBC42362DF5}.Debug|ARM.ActiveCfg = Debug|Any CPU
		{63D7504C-3207-47A6-A4E0-DEBC42362DF5}.Debug|ARM.Build.0 = Debug|Any CPU
		{63D7504C-3207-47A6-A4E0-DEBC42362DF5}.Debug|iPhone.ActiveCfg = Debug|Any CPU
		{63D7504C-3207-47A6-A4E0-DEBC42362DF5}.Debug|iPhone.Build.0 = Debug|Any CPU
		{63D7504C-3207-47A6-A4E0-DEBC42362DF5}.Debug|iPhoneSimulator.ActiveCfg = Debug|Any CPU
		{63D7504C-3207-47A6-A4E0-DEBC42362DF5}.Debug|iPhoneSimulator.Build.0 = Debug|Any CPU
		{63D7504C-3207-47A6-A4E0-DEBC42362DF5}.Debug|x64.ActiveCfg = Debug|Any CPU
		{63D7504C-3207-47A6-A4E0-DEBC42362DF5}.Debug|x64.Build.0 = Debug|Any CPU
		{63D7504C-3207-47A6-A4E0-DEBC42362DF5}.Debug|x86.ActiveCfg = Debug|Any CPU
		{63D7504C-3207-47A6-A4E0-DEBC42362DF5}.Debug|x86.Build.0 = Debug|Any CPU
		{63D7504C-3207-47A6-A4E0-DEBC42362DF5}.Release|Any CPU.ActiveCfg = Release|Any CPU
		{63D7504C-3207-47A6-A4E0-DEBC42362DF5}.Release|Any CPU.Build.0 = Release|Any CPU
		{63D7504C-3207-47A6-A4E0-DEBC42362DF5}.Release|ARM.ActiveCfg = Release|Any CPU
		{63D7504C-3207-47A6-A4E0-DEBC42362DF5}.Release|ARM.Build.0 = Release|Any CPU
		{63D7504C-3207-47A6-A4E0-DEBC42362DF5}.Release|iPhone.ActiveCfg = Release|Any CPU
		{63D7504C-3207-47A6-A4E0-DEBC42362DF5}.Release|iPhone.Build.0 = Release|Any CPU
		{63D7504C-3207-47A6-A4E0-DEBC42362DF5}.Release|iPhoneSimulator.ActiveCfg = Release|Any CPU
		{63D7504C-3207-47A6-A4E0-DEBC42362DF5}.Release|iPhoneSimulator.Build.0 = Release|Any CPU
		{63D7504C-3207-47A6-A4E0-DEBC42362DF5}.Release|x64.ActiveCfg = Release|Any CPU
		{63D7504C-3207-47A6-A4E0-DEBC42362DF5}.Release|x64.Build.0 = Release|Any CPU
		{63D7504C-3207-47A6-A4E0-DEBC42362DF5}.Release|x86.ActiveCfg = Release|Any CPU
		{63D7504C-3207-47A6-A4E0-DEBC42362DF5}.Release|x86.Build.0 = Release|Any CPU
		{D94F06B6-BE8F-410D-AE49-B18CB8833DB5}.Ad-Hoc|Any CPU.ActiveCfg = Release|Any CPU
		{D94F06B6-BE8F-410D-AE49-B18CB8833DB5}.Ad-Hoc|Any CPU.Build.0 = Release|Any CPU
		{D94F06B6-BE8F-410D-AE49-B18CB8833DB5}.Ad-Hoc|ARM.ActiveCfg = Release|Any CPU
		{D94F06B6-BE8F-410D-AE49-B18CB8833DB5}.Ad-Hoc|ARM.Build.0 = Release|Any CPU
		{D94F06B6-BE8F-410D-AE49-B18CB8833DB5}.Ad-Hoc|iPhone.ActiveCfg = Release|Any CPU
		{D94F06B6-BE8F-410D-AE49-B18CB8833DB5}.Ad-Hoc|iPhone.Build.0 = Release|Any CPU
		{D94F06B6-BE8F-410D-AE49-B18CB8833DB5}.Ad-Hoc|iPhoneSimulator.ActiveCfg = Release|Any CPU
		{D94F06B6-BE8F-410D-AE49-B18CB8833DB5}.Ad-Hoc|iPhoneSimulator.Build.0 = Release|Any CPU
		{D94F06B6-BE8F-410D-AE49-B18CB8833DB5}.Ad-Hoc|x64.ActiveCfg = Release|Any CPU
		{D94F06B6-BE8F-410D-AE49-B18CB8833DB5}.Ad-Hoc|x64.Build.0 = Release|Any CPU
		{D94F06B6-BE8F-410D-AE49-B18CB8833DB5}.Ad-Hoc|x86.ActiveCfg = Release|Any CPU
		{D94F06B6-BE8F-410D-AE49-B18CB8833DB5}.Ad-Hoc|x86.Build.0 = Release|Any CPU
		{D94F06B6-BE8F-410D-AE49-B18CB8833DB5}.AppStore|Any CPU.ActiveCfg = Release|Any CPU
		{D94F06B6-BE8F-410D-AE49-B18CB8833DB5}.AppStore|Any CPU.Build.0 = Release|Any CPU
		{D94F06B6-BE8F-410D-AE49-B18CB8833DB5}.AppStore|ARM.ActiveCfg = Release|Any CPU
		{D94F06B6-BE8F-410D-AE49-B18CB8833DB5}.AppStore|ARM.Build.0 = Release|Any CPU
		{D94F06B6-BE8F-410D-AE49-B18CB8833DB5}.AppStore|iPhone.ActiveCfg = Release|Any CPU
		{D94F06B6-BE8F-410D-AE49-B18CB8833DB5}.AppStore|iPhone.Build.0 = Release|Any CPU
		{D94F06B6-BE8F-410D-AE49-B18CB8833DB5}.AppStore|iPhoneSimulator.ActiveCfg = Release|Any CPU
		{D94F06B6-BE8F-410D-AE49-B18CB8833DB5}.AppStore|iPhoneSimulator.Build.0 = Release|Any CPU
		{D94F06B6-BE8F-410D-AE49-B18CB8833DB5}.AppStore|x64.ActiveCfg = Release|Any CPU
		{D94F06B6-BE8F-410D-AE49-B18CB8833DB5}.AppStore|x64.Build.0 = Release|Any CPU
		{D94F06B6-BE8F-410D-AE49-B18CB8833DB5}.AppStore|x86.ActiveCfg = Release|Any CPU
		{D94F06B6-BE8F-410D-AE49-B18CB8833DB5}.AppStore|x86.Build.0 = Release|Any CPU
		{D94F06B6-BE8F-410D-AE49-B18CB8833DB5}.Debug|Any CPU.ActiveCfg = Debug|Any CPU
		{D94F06B6-BE8F-410D-AE49-B18CB8833DB5}.Debug|Any CPU.Build.0 = Debug|Any CPU
		{D94F06B6-BE8F-410D-AE49-B18CB8833DB5}.Debug|ARM.ActiveCfg = Debug|Any CPU
		{D94F06B6-BE8F-410D-AE49-B18CB8833DB5}.Debug|ARM.Build.0 = Debug|Any CPU
		{D94F06B6-BE8F-410D-AE49-B18CB8833DB5}.Debug|iPhone.ActiveCfg = Debug|Any CPU
		{D94F06B6-BE8F-410D-AE49-B18CB8833DB5}.Debug|iPhone.Build.0 = Debug|Any CPU
		{D94F06B6-BE8F-410D-AE49-B18CB8833DB5}.Debug|iPhoneSimulator.ActiveCfg = Debug|Any CPU
		{D94F06B6-BE8F-410D-AE49-B18CB8833DB5}.Debug|iPhoneSimulator.Build.0 = Debug|Any CPU
		{D94F06B6-BE8F-410D-AE49-B18CB8833DB5}.Debug|x64.ActiveCfg = Debug|Any CPU
		{D94F06B6-BE8F-410D-AE49-B18CB8833DB5}.Debug|x64.Build.0 = Debug|Any CPU
		{D94F06B6-BE8F-410D-AE49-B18CB8833DB5}.Debug|x86.ActiveCfg = Debug|Any CPU
		{D94F06B6-BE8F-410D-AE49-B18CB8833DB5}.Debug|x86.Build.0 = Debug|Any CPU
		{D94F06B6-BE8F-410D-AE49-B18CB8833DB5}.Release|Any CPU.ActiveCfg = Release|Any CPU
		{D94F06B6-BE8F-410D-AE49-B18CB8833DB5}.Release|Any CPU.Build.0 = Release|Any CPU
		{D94F06B6-BE8F-410D-AE49-B18CB8833DB5}.Release|ARM.ActiveCfg = Release|Any CPU
		{D94F06B6-BE8F-410D-AE49-B18CB8833DB5}.Release|ARM.Build.0 = Release|Any CPU
		{D94F06B6-BE8F-410D-AE49-B18CB8833DB5}.Release|iPhone.ActiveCfg = Release|Any CPU
		{D94F06B6-BE8F-410D-AE49-B18CB8833DB5}.Release|iPhone.Build.0 = Release|Any CPU
		{D94F06B6-BE8F-410D-AE49-B18CB8833DB5}.Release|iPhoneSimulator.ActiveCfg = Release|Any CPU
		{D94F06B6-BE8F-410D-AE49-B18CB8833DB5}.Release|iPhoneSimulator.Build.0 = Release|Any CPU
		{D94F06B6-BE8F-410D-AE49-B18CB8833DB5}.Release|x64.ActiveCfg = Release|Any CPU
		{D94F06B6-BE8F-410D-AE49-B18CB8833DB5}.Release|x64.Build.0 = Release|Any CPU
		{D94F06B6-BE8F-410D-AE49-B18CB8833DB5}.Release|x86.ActiveCfg = Release|Any CPU
		{D94F06B6-BE8F-410D-AE49-B18CB8833DB5}.Release|x86.Build.0 = Release|Any CPU
		{F4009110-0304-433E-BF39-00672B6B61D4}.Ad-Hoc|Any CPU.ActiveCfg = Release|Any CPU
		{F4009110-0304-433E-BF39-00672B6B61D4}.Ad-Hoc|Any CPU.Build.0 = Release|Any CPU
		{F4009110-0304-433E-BF39-00672B6B61D4}.Ad-Hoc|ARM.ActiveCfg = Release|Any CPU
		{F4009110-0304-433E-BF39-00672B6B61D4}.Ad-Hoc|ARM.Build.0 = Release|Any CPU
		{F4009110-0304-433E-BF39-00672B6B61D4}.Ad-Hoc|iPhone.ActiveCfg = Release|Any CPU
		{F4009110-0304-433E-BF39-00672B6B61D4}.Ad-Hoc|iPhone.Build.0 = Release|Any CPU
		{F4009110-0304-433E-BF39-00672B6B61D4}.Ad-Hoc|iPhoneSimulator.ActiveCfg = Release|Any CPU
		{F4009110-0304-433E-BF39-00672B6B61D4}.Ad-Hoc|iPhoneSimulator.Build.0 = Release|Any CPU
		{F4009110-0304-433E-BF39-00672B6B61D4}.Ad-Hoc|x64.ActiveCfg = Release|Any CPU
		{F4009110-0304-433E-BF39-00672B6B61D4}.Ad-Hoc|x64.Build.0 = Release|Any CPU
		{F4009110-0304-433E-BF39-00672B6B61D4}.Ad-Hoc|x86.ActiveCfg = Release|Any CPU
		{F4009110-0304-433E-BF39-00672B6B61D4}.Ad-Hoc|x86.Build.0 = Release|Any CPU
		{F4009110-0304-433E-BF39-00672B6B61D4}.AppStore|Any CPU.ActiveCfg = Release|Any CPU
		{F4009110-0304-433E-BF39-00672B6B61D4}.AppStore|Any CPU.Build.0 = Release|Any CPU
		{F4009110-0304-433E-BF39-00672B6B61D4}.AppStore|ARM.ActiveCfg = Release|Any CPU
		{F4009110-0304-433E-BF39-00672B6B61D4}.AppStore|ARM.Build.0 = Release|Any CPU
		{F4009110-0304-433E-BF39-00672B6B61D4}.AppStore|iPhone.ActiveCfg = Release|Any CPU
		{F4009110-0304-433E-BF39-00672B6B61D4}.AppStore|iPhone.Build.0 = Release|Any CPU
		{F4009110-0304-433E-BF39-00672B6B61D4}.AppStore|iPhoneSimulator.ActiveCfg = Release|Any CPU
		{F4009110-0304-433E-BF39-00672B6B61D4}.AppStore|iPhoneSimulator.Build.0 = Release|Any CPU
		{F4009110-0304-433E-BF39-00672B6B61D4}.AppStore|x64.ActiveCfg = Release|Any CPU
		{F4009110-0304-433E-BF39-00672B6B61D4}.AppStore|x64.Build.0 = Release|Any CPU
		{F4009110-0304-433E-BF39-00672B6B61D4}.AppStore|x86.ActiveCfg = Release|Any CPU
		{F4009110-0304-433E-BF39-00672B6B61D4}.AppStore|x86.Build.0 = Release|Any CPU
		{F4009110-0304-433E-BF39-00672B6B61D4}.Debug|Any CPU.ActiveCfg = Debug|Any CPU
		{F4009110-0304-433E-BF39-00672B6B61D4}.Debug|Any CPU.Build.0 = Debug|Any CPU
		{F4009110-0304-433E-BF39-00672B6B61D4}.Debug|ARM.ActiveCfg = Debug|Any CPU
		{F4009110-0304-433E-BF39-00672B6B61D4}.Debug|ARM.Build.0 = Debug|Any CPU
		{F4009110-0304-433E-BF39-00672B6B61D4}.Debug|iPhone.ActiveCfg = Debug|Any CPU
		{F4009110-0304-433E-BF39-00672B6B61D4}.Debug|iPhone.Build.0 = Debug|Any CPU
		{F4009110-0304-433E-BF39-00672B6B61D4}.Debug|iPhoneSimulator.ActiveCfg = Debug|Any CPU
		{F4009110-0304-433E-BF39-00672B6B61D4}.Debug|iPhoneSimulator.Build.0 = Debug|Any CPU
		{F4009110-0304-433E-BF39-00672B6B61D4}.Debug|x64.ActiveCfg = Debug|Any CPU
		{F4009110-0304-433E-BF39-00672B6B61D4}.Debug|x64.Build.0 = Debug|Any CPU
		{F4009110-0304-433E-BF39-00672B6B61D4}.Debug|x86.ActiveCfg = Debug|Any CPU
		{F4009110-0304-433E-BF39-00672B6B61D4}.Debug|x86.Build.0 = Debug|Any CPU
		{F4009110-0304-433E-BF39-00672B6B61D4}.Release|Any CPU.ActiveCfg = Release|Any CPU
		{F4009110-0304-433E-BF39-00672B6B61D4}.Release|Any CPU.Build.0 = Release|Any CPU
		{F4009110-0304-433E-BF39-00672B6B61D4}.Release|ARM.ActiveCfg = Release|Any CPU
		{F4009110-0304-433E-BF39-00672B6B61D4}.Release|ARM.Build.0 = Release|Any CPU
		{F4009110-0304-433E-BF39-00672B6B61D4}.Release|iPhone.ActiveCfg = Release|Any CPU
		{F4009110-0304-433E-BF39-00672B6B61D4}.Release|iPhone.Build.0 = Release|Any CPU
		{F4009110-0304-433E-BF39-00672B6B61D4}.Release|iPhoneSimulator.ActiveCfg = Release|Any CPU
		{F4009110-0304-433E-BF39-00672B6B61D4}.Release|iPhoneSimulator.Build.0 = Release|Any CPU
		{F4009110-0304-433E-BF39-00672B6B61D4}.Release|x64.ActiveCfg = Release|Any CPU
		{F4009110-0304-433E-BF39-00672B6B61D4}.Release|x64.Build.0 = Release|Any CPU
		{F4009110-0304-433E-BF39-00672B6B61D4}.Release|x86.ActiveCfg = Release|Any CPU
		{F4009110-0304-433E-BF39-00672B6B61D4}.Release|x86.Build.0 = Release|Any CPU
	EndGlobalSection
	GlobalSection(SolutionProperties) = preSolution
		HideSolutionNode = FALSE
	EndGlobalSection
	GlobalSection(ExtensibilityGlobals) = postSolution
		SolutionGuid = {66643E52-5498-43A8-9856-6E9D5BBD5A76}
	EndGlobalSection
EndGlobal
