
Microsoft Visual Studio Solution File, Format Version 12.00
# Visual Studio 15
VisualStudioVersion = 15.0.27004.2010
MinimumVisualStudioVersion = 10.0.40219.1
Project("{FAE04EC0-301F-11D3-BF4B-00C04F79EFBC}") = "Study02", "Study02\Study02\Study02.csproj", "{8C8E6D47-2BC9-445B-8BDE-113439BBC093}"
EndProject
Project("{FAE04EC0-301F-11D3-BF4B-00C04F79EFBC}") = "Study02.UWP", "Study02\Study02.UWP\Study02.UWP.csproj", "{C6AC9A4D-E1C2-4A4F-A01E-6DA72EA8A745}"
EndProject
Project("{FAE04EC0-301F-11D3-BF4B-00C04F79EFBC}") = "Study02.Domain", "Study02.Domain\Study02.Domain.csproj", "{B7BB0F34-5CF1-4131-83ED-49C6361ECE4B}"
EndProject
Project("{FAE04EC0-301F-11D3-BF4B-00C04F79EFBC}") = "Study02.Helpers", "Study02.Helpers\Study02.Helpers.csproj", "{D33F4FBA-1FD1-473B-8B34-4717199BE677}"
EndProject
Project("{9A19103F-16F7-4668-BE54-9A1E7A4F7556}") = "Study02.Infrastructure.Dto", "Study02.Dto\Study02.Infrastructure.Dto.csproj", "{5DD473D1-B5C8-45E9-958B-B898ADFE527B}"
EndProject
Project("{FAE04EC0-301F-11D3-BF4B-00C04F79EFBC}") = "Study02.Infrastructure.Data", "Study02.Infrastructure.Data\Study02.Infrastructure.Data.csproj", "{B6824DEE-3E3D-403D-8E3F-07E004D70BEA}"
EndProject
Project("{FAE04EC0-301F-11D3-BF4B-00C04F79EFBC}") = "Study02.Domain.Services", "Study02.Domain.Services\Study02.Domain.Services.csproj", "{02B818DA-0327-4F09-A1EB-2F3CA716D434}"
EndProject
Global
	GlobalSection(SolutionConfigurationPlatforms) = preSolution
		Ad-Hoc|Any CPU = Ad-Hoc|Any CPU
		Ad-Hoc|ARM = Ad-Hoc|ARM
		Ad-Hoc|iPhone = Ad-Hoc|iPhone
		Ad-Hoc|iPhoneSimulator = Ad-Hoc|iPhoneSimulator
		Ad-Hoc|x64 = Ad-Hoc|x64
		Ad-Hoc|x86 = Ad-Hoc|x86
		AppStore|Any CPU = AppStore|Any CPU
		AppStore|ARM = AppStore|ARM
		AppStore|iPhone = AppStore|iPhone
		AppStore|iPhoneSimulator = AppStore|iPhoneSimulator
		AppStore|x64 = AppStore|x64
		AppStore|x86 = AppStore|x86
		Debug|Any CPU = Debug|Any CPU
		Debug|ARM = Debug|ARM
		Debug|iPhone = Debug|iPhone
		Debug|iPhoneSimulator = Debug|iPhoneSimulator
		Debug|x64 = Debug|x64
		Debug|x86 = Debug|x86
		Release|Any CPU = Release|Any CPU
		Release|ARM = Release|ARM
		Release|iPhone = Release|iPhone
		Release|iPhoneSimulator = Release|iPhoneSimulator
		Release|x64 = Release|x64
		Release|x86 = Release|x86
	EndGlobalSection
	GlobalSection(ProjectConfigurationPlatforms) = postSolution
		{8C8E6D47-2BC9-445B-8BDE-113439BBC093}.Ad-Hoc|Any CPU.ActiveCfg = Release|Any CPU
		{8C8E6D47-2BC9-445B-8BDE-113439BBC093}.Ad-Hoc|Any CPU.Build.0 = Release|Any CPU
		{8C8E6D47-2BC9-445B-8BDE-113439BBC093}.Ad-Hoc|ARM.ActiveCfg = Release|Any CPU
		{8C8E6D47-2BC9-445B-8BDE-113439BBC093}.Ad-Hoc|ARM.Build.0 = Release|Any CPU
		{8C8E6D47-2BC9-445B-8BDE-113439BBC093}.Ad-Hoc|iPhone.ActiveCfg = Release|Any CPU
		{8C8E6D47-2BC9-445B-8BDE-113439BBC093}.Ad-Hoc|iPhone.Build.0 = Release|Any CPU
		{8C8E6D47-2BC9-445B-8BDE-113439BBC093}.Ad-Hoc|iPhoneSimulator.ActiveCfg = Release|Any CPU
		{8C8E6D47-2BC9-445B-8BDE-113439BBC093}.Ad-Hoc|iPhoneSimulator.Build.0 = Release|Any CPU
		{8C8E6D47-2BC9-445B-8BDE-113439BBC093}.Ad-Hoc|x64.ActiveCfg = Release|Any CPU
		{8C8E6D47-2BC9-445B-8BDE-113439BBC093}.Ad-Hoc|x64.Build.0 = Release|Any CPU
		{8C8E6D47-2BC9-445B-8BDE-113439BBC093}.Ad-Hoc|x86.ActiveCfg = Release|Any CPU
		{8C8E6D47-2BC9-445B-8BDE-113439BBC093}.Ad-Hoc|x86.Build.0 = Release|Any CPU
		{8C8E6D47-2BC9-445B-8BDE-113439BBC093}.AppStore|Any CPU.ActiveCfg = Release|Any CPU
		{8C8E6D47-2BC9-445B-8BDE-113439BBC093}.AppStore|Any CPU.Build.0 = Release|Any CPU
		{8C8E6D47-2BC9-445B-8BDE-113439BBC093}.AppStore|ARM.ActiveCfg = Release|Any CPU
		{8C8E6D47-2BC9-445B-8BDE-113439BBC093}.AppStore|ARM.Build.0 = Release|Any CPU
		{8C8E6D47-2BC9-445B-8BDE-113439BBC093}.AppStore|iPhone.ActiveCfg = Release|Any CPU
		{8C8E6D47-2BC9-445B-8BDE-113439BBC093}.AppStore|iPhone.Build.0 = Release|Any CPU
		{8C8E6D47-2BC9-445B-8BDE-113439BBC093}.AppStore|iPhoneSimulator.ActiveCfg = Release|Any CPU
		{8C8E6D47-2BC9-445B-8BDE-113439BBC093}.AppStore|iPhoneSimulator.Build.0 = Release|Any CPU
		{8C8E6D47-2BC9-445B-8BDE-113439BBC093}.AppStore|x64.ActiveCfg = Release|Any CPU
		{8C8E6D47-2BC9-445B-8BDE-113439BBC093}.AppStore|x64.Build.0 = Release|Any CPU
		{8C8E6D47-2BC9-445B-8BDE-113439BBC093}.AppStore|x86.ActiveCfg = Release|Any CPU
		{8C8E6D47-2BC9-445B-8BDE-113439BBC093}.AppStore|x86.Build.0 = Release|Any CPU
		{8C8E6D47-2BC9-445B-8BDE-113439BBC093}.Debug|Any CPU.ActiveCfg = Debug|Any CPU
		{8C8E6D47-2BC9-445B-8BDE-113439BBC093}.Debug|Any CPU.Build.0 = Debug|Any CPU
		{8C8E6D47-2BC9-445B-8BDE-113439BBC093}.Debug|ARM.ActiveCfg = Debug|Any CPU
		{8C8E6D47-2BC9-445B-8BDE-113439BBC093}.Debug|ARM.Build.0 = Debug|Any CPU
		{8C8E6D47-2BC9-445B-8BDE-113439BBC093}.Debug|iPhone.ActiveCfg = Debug|Any CPU
		{8C8E6D47-2BC9-445B-8BDE-113439BBC093}.Debug|iPhone.Build.0 = Debug|Any CPU
		{8C8E6D47-2BC9-445B-8BDE-113439BBC093}.Debug|iPhoneSimulator.ActiveCfg = Debug|Any CPU
		{8C8E6D47-2BC9-445B-8BDE-113439BBC093}.Debug|iPhoneSimulator.Build.0 = Debug|Any CPU
		{8C8E6D47-2BC9-445B-8BDE-113439BBC093}.Debug|x64.ActiveCfg = Debug|Any CPU
		{8C8E6D47-2BC9-445B-8BDE-113439BBC093}.Debug|x64.Build.0 = Debug|Any CPU
		{8C8E6D47-2BC9-445B-8BDE-113439BBC093}.Debug|x86.ActiveCfg = Debug|Any CPU
		{8C8E6D47-2BC9-445B-8BDE-113439BBC093}.Debug|x86.Build.0 = Debug|Any CPU
		{8C8E6D47-2BC9-445B-8BDE-113439BBC093}.Release|Any CPU.ActiveCfg = Release|Any CPU
		{8C8E6D47-2BC9-445B-8BDE-113439BBC093}.Release|Any CPU.Build.0 = Release|Any CPU
		{8C8E6D47-2BC9-445B-8BDE-113439BBC093}.Release|ARM.ActiveCfg = Release|Any CPU
		{8C8E6D47-2BC9-445B-8BDE-113439BBC093}.Release|ARM.Build.0 = Release|Any CPU
		{8C8E6D47-2BC9-445B-8BDE-113439BBC093}.Release|iPhone.ActiveCfg = Release|Any CPU
		{8C8E6D47-2BC9-445B-8BDE-113439BBC093}.Release|iPhone.Build.0 = Release|Any CPU
		{8C8E6D47-2BC9-445B-8BDE-113439BBC093}.Release|iPhoneSimulator.ActiveCfg = Release|Any CPU
		{8C8E6D47-2BC9-445B-8BDE-113439BBC093}.Release|iPhoneSimulator.Build.0 = Release|Any CPU
		{8C8E6D47-2BC9-445B-8BDE-113439BBC093}.Release|x64.ActiveCfg = Release|Any CPU
		{8C8E6D47-2BC9-445B-8BDE-113439BBC093}.Release|x64.Build.0 = Release|Any CPU
		{8C8E6D47-2BC9-445B-8BDE-113439BBC093}.Release|x86.ActiveCfg = Release|Any CPU
		{8C8E6D47-2BC9-445B-8BDE-113439BBC093}.Release|x86.Build.0 = Release|Any CPU
		{C6AC9A4D-E1C2-4A4F-A01E-6DA72EA8A745}.Ad-Hoc|Any CPU.ActiveCfg = Release|x86
		{C6AC9A4D-E1C2-4A4F-A01E-6DA72EA8A745}.Ad-Hoc|Any CPU.Build.0 = Release|x86
		{C6AC9A4D-E1C2-4A4F-A01E-6DA72EA8A745}.Ad-Hoc|Any CPU.Deploy.0 = Release|x86
		{C6AC9A4D-E1C2-4A4F-A01E-6DA72EA8A745}.Ad-Hoc|ARM.ActiveCfg = Release|ARM
		{C6AC9A4D-E1C2-4A4F-A01E-6DA72EA8A745}.Ad-Hoc|ARM.Build.0 = Release|ARM
		{C6AC9A4D-E1C2-4A4F-A01E-6DA72EA8A745}.Ad-Hoc|ARM.Deploy.0 = Release|ARM
		{C6AC9A4D-E1C2-4A4F-A01E-6DA72EA8A745}.Ad-Hoc|iPhone.ActiveCfg = Release|x86
		{C6AC9A4D-E1C2-4A4F-A01E-6DA72EA8A745}.Ad-Hoc|iPhone.Build.0 = Release|x86
		{C6AC9A4D-E1C2-4A4F-A01E-6DA72EA8A745}.Ad-Hoc|iPhone.Deploy.0 = Release|x86
		{C6AC9A4D-E1C2-4A4F-A01E-6DA72EA8A745}.Ad-Hoc|iPhoneSimulator.ActiveCfg = Release|x86
		{C6AC9A4D-E1C2-4A4F-A01E-6DA72EA8A745}.Ad-Hoc|iPhoneSimulator.Build.0 = Release|x86
		{C6AC9A4D-E1C2-4A4F-A01E-6DA72EA8A745}.Ad-Hoc|iPhoneSimulator.Deploy.0 = Release|x86
		{C6AC9A4D-E1C2-4A4F-A01E-6DA72EA8A745}.Ad-Hoc|x64.ActiveCfg = Release|x64
		{C6AC9A4D-E1C2-4A4F-A01E-6DA72EA8A745}.Ad-Hoc|x64.Build.0 = Release|x64
		{C6AC9A4D-E1C2-4A4F-A01E-6DA72EA8A745}.Ad-Hoc|x64.Deploy.0 = Release|x64
		{C6AC9A4D-E1C2-4A4F-A01E-6DA72EA8A745}.Ad-Hoc|x86.ActiveCfg = Release|x86
		{C6AC9A4D-E1C2-4A4F-A01E-6DA72EA8A745}.Ad-Hoc|x86.Build.0 = Release|x86
		{C6AC9A4D-E1C2-4A4F-A01E-6DA72EA8A745}.Ad-Hoc|x86.Deploy.0 = Release|x86
		{C6AC9A4D-E1C2-4A4F-A01E-6DA72EA8A745}.AppStore|Any CPU.ActiveCfg = Release|x86
		{C6AC9A4D-E1C2-4A4F-A01E-6DA72EA8A745}.AppStore|Any CPU.Build.0 = Release|x86
		{C6AC9A4D-E1C2-4A4F-A01E-6DA72EA8A745}.AppStore|Any CPU.Deploy.0 = Release|x86
		{C6AC9A4D-E1C2-4A4F-A01E-6DA72EA8A745}.AppStore|ARM.ActiveCfg = Release|ARM
		{C6AC9A4D-E1C2-4A4F-A01E-6DA72EA8A745}.AppStore|ARM.Build.0 = Release|ARM
		{C6AC9A4D-E1C2-4A4F-A01E-6DA72EA8A745}.AppStore|ARM.Deploy.0 = Release|ARM
		{C6AC9A4D-E1C2-4A4F-A01E-6DA72EA8A745}.AppStore|iPhone.ActiveCfg = Release|x86
		{C6AC9A4D-E1C2-4A4F-A01E-6DA72EA8A745}.AppStore|iPhone.Build.0 = Release|x86
		{C6AC9A4D-E1C2-4A4F-A01E-6DA72EA8A745}.AppStore|iPhone.Deploy.0 = Release|x86
		{C6AC9A4D-E1C2-4A4F-A01E-6DA72EA8A745}.AppStore|iPhoneSimulator.ActiveCfg = Release|x86
		{C6AC9A4D-E1C2-4A4F-A01E-6DA72EA8A745}.AppStore|iPhoneSimulator.Build.0 = Release|x86
		{C6AC9A4D-E1C2-4A4F-A01E-6DA72EA8A745}.AppStore|iPhoneSimulator.Deploy.0 = Release|x86
		{C6AC9A4D-E1C2-4A4F-A01E-6DA72EA8A745}.AppStore|x64.ActiveCfg = Release|x64
		{C6AC9A4D-E1C2-4A4F-A01E-6DA72EA8A745}.AppStore|x64.Build.0 = Release|x64
		{C6AC9A4D-E1C2-4A4F-A01E-6DA72EA8A745}.AppStore|x64.Deploy.0 = Release|x64
		{C6AC9A4D-E1C2-4A4F-A01E-6DA72EA8A745}.AppStore|x86.ActiveCfg = Release|x86
		{C6AC9A4D-E1C2-4A4F-A01E-6DA72EA8A745}.AppStore|x86.Build.0 = Release|x86
		{C6AC9A4D-E1C2-4A4F-A01E-6DA72EA8A745}.AppStore|x86.Deploy.0 = Release|x86
		{C6AC9A4D-E1C2-4A4F-A01E-6DA72EA8A745}.Debug|Any CPU.ActiveCfg = Debug|x86
		{C6AC9A4D-E1C2-4A4F-A01E-6DA72EA8A745}.Debug|Any CPU.Build.0 = Debug|x86
		{C6AC9A4D-E1C2-4A4F-A01E-6DA72EA8A745}.Debug|Any CPU.Deploy.0 = Debug|x86
		{C6AC9A4D-E1C2-4A4F-A01E-6DA72EA8A745}.Debug|ARM.ActiveCfg = Debug|ARM
		{C6AC9A4D-E1C2-4A4F-A01E-6DA72EA8A745}.Debug|ARM.Build.0 = Debug|ARM
		{C6AC9A4D-E1C2-4A4F-A01E-6DA72EA8A745}.Debug|ARM.Deploy.0 = Debug|ARM
		{C6AC9A4D-E1C2-4A4F-A01E-6DA72EA8A745}.Debug|iPhone.ActiveCfg = Debug|x86
		{C6AC9A4D-E1C2-4A4F-A01E-6DA72EA8A745}.Debug|iPhoneSimulator.ActiveCfg = Debug|x86
		{C6AC9A4D-E1C2-4A4F-A01E-6DA72EA8A745}.Debug|x64.ActiveCfg = Debug|x64
		{C6AC9A4D-E1C2-4A4F-A01E-6DA72EA8A745}.Debug|x64.Build.0 = Debug|x64
		{C6AC9A4D-E1C2-4A4F-A01E-6DA72EA8A745}.Debug|x64.Deploy.0 = Debug|x64
		{C6AC9A4D-E1C2-4A4F-A01E-6DA72EA8A745}.Debug|x86.ActiveCfg = Debug|x86
		{C6AC9A4D-E1C2-4A4F-A01E-6DA72EA8A745}.Debug|x86.Build.0 = Debug|x86
		{C6AC9A4D-E1C2-4A4F-A01E-6DA72EA8A745}.Debug|x86.Deploy.0 = Debug|x86
		{C6AC9A4D-E1C2-4A4F-A01E-6DA72EA8A745}.Release|Any CPU.ActiveCfg = Release|x86
		{C6AC9A4D-E1C2-4A4F-A01E-6DA72EA8A745}.Release|ARM.ActiveCfg = Release|ARM
		{C6AC9A4D-E1C2-4A4F-A01E-6DA72EA8A745}.Release|ARM.Build.0 = Release|ARM
		{C6AC9A4D-E1C2-4A4F-A01E-6DA72EA8A745}.Release|ARM.Deploy.0 = Release|ARM
		{C6AC9A4D-E1C2-4A4F-A01E-6DA72EA8A745}.Release|iPhone.ActiveCfg = Release|x86
		{C6AC9A4D-E1C2-4A4F-A01E-6DA72EA8A745}.Release|iPhoneSimulator.ActiveCfg = Release|x86
		{C6AC9A4D-E1C2-4A4F-A01E-6DA72EA8A745}.Release|x64.ActiveCfg = Release|x64
		{C6AC9A4D-E1C2-4A4F-A01E-6DA72EA8A745}.Release|x64.Build.0 = Release|x64
		{C6AC9A4D-E1C2-4A4F-A01E-6DA72EA8A745}.Release|x64.Deploy.0 = Release|x64
		{C6AC9A4D-E1C2-4A4F-A01E-6DA72EA8A745}.Release|x86.ActiveCfg = Release|x86
		{C6AC9A4D-E1C2-4A4F-A01E-6DA72EA8A745}.Release|x86.Build.0 = Release|x86
		{C6AC9A4D-E1C2-4A4F-A01E-6DA72EA8A745}.Release|x86.Deploy.0 = Release|x86
		{B7BB0F34-5CF1-4131-83ED-49C6361ECE4B}.Ad-Hoc|Any CPU.ActiveCfg = Debug|Any CPU
		{B7BB0F34-5CF1-4131-83ED-49C6361ECE4B}.Ad-Hoc|Any CPU.Build.0 = Debug|Any CPU
		{B7BB0F34-5CF1-4131-83ED-49C6361ECE4B}.Ad-Hoc|ARM.ActiveCfg = Debug|Any CPU
		{B7BB0F34-5CF1-4131-83ED-49C6361ECE4B}.Ad-Hoc|ARM.Build.0 = Debug|Any CPU
		{B7BB0F34-5CF1-4131-83ED-49C6361ECE4B}.Ad-Hoc|iPhone.ActiveCfg = Debug|Any CPU
		{B7BB0F34-5CF1-4131-83ED-49C6361ECE4B}.Ad-Hoc|iPhone.Build.0 = Debug|Any CPU
		{B7BB0F34-5CF1-4131-83ED-49C6361ECE4B}.Ad-Hoc|iPhoneSimulator.ActiveCfg = Debug|Any CPU
		{B7BB0F34-5CF1-4131-83ED-49C6361ECE4B}.Ad-Hoc|iPhoneSimulator.Build.0 = Debug|Any CPU
		{B7BB0F34-5CF1-4131-83ED-49C6361ECE4B}.Ad-Hoc|x64.ActiveCfg = Debug|Any CPU
		{B7BB0F34-5CF1-4131-83ED-49C6361ECE4B}.Ad-Hoc|x64.Build.0 = Debug|Any CPU
		{B7BB0F34-5CF1-4131-83ED-49C6361ECE4B}.Ad-Hoc|x86.ActiveCfg = Debug|Any CPU
		{B7BB0F34-5CF1-4131-83ED-49C6361ECE4B}.Ad-Hoc|x86.Build.0 = Debug|Any CPU
		{B7BB0F34-5CF1-4131-83ED-49C6361ECE4B}.AppStore|Any CPU.ActiveCfg = Debug|Any CPU
		{B7BB0F34-5CF1-4131-83ED-49C6361ECE4B}.AppStore|Any CPU.Build.0 = Debug|Any CPU
		{B7BB0F34-5CF1-4131-83ED-49C6361ECE4B}.AppStore|ARM.ActiveCfg = Debug|Any CPU
		{B7BB0F34-5CF1-4131-83ED-49C6361ECE4B}.AppStore|ARM.Build.0 = Debug|Any CPU
		{B7BB0F34-5CF1-4131-83ED-49C6361ECE4B}.AppStore|iPhone.ActiveCfg = Debug|Any CPU
		{B7BB0F34-5CF1-4131-83ED-49C6361ECE4B}.AppStore|iPhone.Build.0 = Debug|Any CPU
		{B7BB0F34-5CF1-4131-83ED-49C6361ECE4B}.AppStore|iPhoneSimulator.ActiveCfg = Debug|Any CPU
		{B7BB0F34-5CF1-4131-83ED-49C6361ECE4B}.AppStore|iPhoneSimulator.Build.0 = Debug|Any CPU
		{B7BB0F34-5CF1-4131-83ED-49C6361ECE4B}.AppStore|x64.ActiveCfg = Debug|Any CPU
		{B7BB0F34-5CF1-4131-83ED-49C6361ECE4B}.AppStore|x64.Build.0 = Debug|Any CPU
		{B7BB0F34-5CF1-4131-83ED-49C6361ECE4B}.AppStore|x86.ActiveCfg = Debug|Any CPU
		{B7BB0F34-5CF1-4131-83ED-49C6361ECE4B}.AppStore|x86.Build.0 = Debug|Any CPU
		{B7BB0F34-5CF1-4131-83ED-49C6361ECE4B}.Debug|Any CPU.ActiveCfg = Debug|Any CPU
		{B7BB0F34-5CF1-4131-83ED-49C6361ECE4B}.Debug|Any CPU.Build.0 = Debug|Any CPU
		{B7BB0F34-5CF1-4131-83ED-49C6361ECE4B}.Debug|ARM.ActiveCfg = Debug|Any CPU
		{B7BB0F34-5CF1-4131-83ED-49C6361ECE4B}.Debug|ARM.Build.0 = Debug|Any CPU
		{B7BB0F34-5CF1-4131-83ED-49C6361ECE4B}.Debug|iPhone.ActiveCfg = Debug|Any CPU
		{B7BB0F34-5CF1-4131-83ED-49C6361ECE4B}.Debug|iPhone.Build.0 = Debug|Any CPU
		{B7BB0F34-5CF1-4131-83ED-49C6361ECE4B}.Debug|iPhoneSimulator.ActiveCfg = Debug|Any CPU
		{B7BB0F34-5CF1-4131-83ED-49C6361ECE4B}.Debug|iPhoneSimulator.Build.0 = Debug|Any CPU
		{B7BB0F34-5CF1-4131-83ED-49C6361ECE4B}.Debug|x64.ActiveCfg = Debug|Any CPU
		{B7BB0F34-5CF1-4131-83ED-49C6361ECE4B}.Debug|x64.Build.0 = Debug|Any CPU
		{B7BB0F34-5CF1-4131-83ED-49C6361ECE4B}.Debug|x86.ActiveCfg = Debug|Any CPU
		{B7BB0F34-5CF1-4131-83ED-49C6361ECE4B}.Debug|x86.Build.0 = Debug|Any CPU
		{B7BB0F34-5CF1-4131-83ED-49C6361ECE4B}.Release|Any CPU.ActiveCfg = Release|Any CPU
		{B7BB0F34-5CF1-4131-83ED-49C6361ECE4B}.Release|Any CPU.Build.0 = Release|Any CPU
		{B7BB0F34-5CF1-4131-83ED-49C6361ECE4B}.Release|ARM.ActiveCfg = Release|Any CPU
		{B7BB0F34-5CF1-4131-83ED-49C6361ECE4B}.Release|ARM.Build.0 = Release|Any CPU
		{B7BB0F34-5CF1-4131-83ED-49C6361ECE4B}.Release|iPhone.ActiveCfg = Release|Any CPU
		{B7BB0F34-5CF1-4131-83ED-49C6361ECE4B}.Release|iPhone.Build.0 = Release|Any CPU
		{B7BB0F34-5CF1-4131-83ED-49C6361ECE4B}.Release|iPhoneSimulator.ActiveCfg = Release|Any CPU
		{B7BB0F34-5CF1-4131-83ED-49C6361ECE4B}.Release|iPhoneSimulator.Build.0 = Release|Any CPU
		{B7BB0F34-5CF1-4131-83ED-49C6361ECE4B}.Release|x64.ActiveCfg = Release|Any CPU
		{B7BB0F34-5CF1-4131-83ED-49C6361ECE4B}.Release|x64.Build.0 = Release|Any CPU
		{B7BB0F34-5CF1-4131-83ED-49C6361ECE4B}.Release|x86.ActiveCfg = Release|Any CPU
		{B7BB0F34-5CF1-4131-83ED-49C6361ECE4B}.Release|x86.Build.0 = Release|Any CPU
		{D33F4FBA-1FD1-473B-8B34-4717199BE677}.Ad-Hoc|Any CPU.ActiveCfg = Debug|Any CPU
		{D33F4FBA-1FD1-473B-8B34-4717199BE677}.Ad-Hoc|Any CPU.Build.0 = Debug|Any CPU
		{D33F4FBA-1FD1-473B-8B34-4717199BE677}.Ad-Hoc|ARM.ActiveCfg = Debug|Any CPU
		{D33F4FBA-1FD1-473B-8B34-4717199BE677}.Ad-Hoc|ARM.Build.0 = Debug|Any CPU
		{D33F4FBA-1FD1-473B-8B34-4717199BE677}.Ad-Hoc|iPhone.ActiveCfg = Debug|Any CPU
		{D33F4FBA-1FD1-473B-8B34-4717199BE677}.Ad-Hoc|iPhone.Build.0 = Debug|Any CPU
		{D33F4FBA-1FD1-473B-8B34-4717199BE677}.Ad-Hoc|iPhoneSimulator.ActiveCfg = Debug|Any CPU
		{D33F4FBA-1FD1-473B-8B34-4717199BE677}.Ad-Hoc|iPhoneSimulator.Build.0 = Debug|Any CPU
		{D33F4FBA-1FD1-473B-8B34-4717199BE677}.Ad-Hoc|x64.ActiveCfg = Debug|Any CPU
		{D33F4FBA-1FD1-473B-8B34-4717199BE677}.Ad-Hoc|x64.Build.0 = Debug|Any CPU
		{D33F4FBA-1FD1-473B-8B34-4717199BE677}.Ad-Hoc|x86.ActiveCfg = Debug|Any CPU
		{D33F4FBA-1FD1-473B-8B34-4717199BE677}.Ad-Hoc|x86.Build.0 = Debug|Any CPU
		{D33F4FBA-1FD1-473B-8B34-4717199BE677}.AppStore|Any CPU.ActiveCfg = Debug|Any CPU
		{D33F4FBA-1FD1-473B-8B34-4717199BE677}.AppStore|Any CPU.Build.0 = Debug|Any CPU
		{D33F4FBA-1FD1-473B-8B34-4717199BE677}.AppStore|ARM.ActiveCfg = Debug|Any CPU
		{D33F4FBA-1FD1-473B-8B34-4717199BE677}.AppStore|ARM.Build.0 = Debug|Any CPU
		{D33F4FBA-1FD1-473B-8B34-4717199BE677}.AppStore|iPhone.ActiveCfg = Debug|Any CPU
		{D33F4FBA-1FD1-473B-8B34-4717199BE677}.AppStore|iPhone.Build.0 = Debug|Any CPU
		{D33F4FBA-1FD1-473B-8B34-4717199BE677}.AppStore|iPhoneSimulator.ActiveCfg = Debug|Any CPU
		{D33F4FBA-1FD1-473B-8B34-4717199BE677}.AppStore|iPhoneSimulator.Build.0 = Debug|Any CPU
		{D33F4FBA-1FD1-473B-8B34-4717199BE677}.AppStore|x64.ActiveCfg = Debug|Any CPU
		{D33F4FBA-1FD1-473B-8B34-4717199BE677}.AppStore|x64.Build.0 = Debug|Any CPU
		{D33F4FBA-1FD1-473B-8B34-4717199BE677}.AppStore|x86.ActiveCfg = Debug|Any CPU
		{D33F4FBA-1FD1-473B-8B34-4717199BE677}.AppStore|x86.Build.0 = Debug|Any CPU
		{D33F4FBA-1FD1-473B-8B34-4717199BE677}.Debug|Any CPU.ActiveCfg = Debug|Any CPU
		{D33F4FBA-1FD1-473B-8B34-4717199BE677}.Debug|Any CPU.Build.0 = Debug|Any CPU
		{D33F4FBA-1FD1-473B-8B34-4717199BE677}.Debug|ARM.ActiveCfg = Debug|Any CPU
		{D33F4FBA-1FD1-473B-8B34-4717199BE677}.Debug|ARM.Build.0 = Debug|Any CPU
		{D33F4FBA-1FD1-473B-8B34-4717199BE677}.Debug|iPhone.ActiveCfg = Debug|Any CPU
		{D33F4FBA-1FD1-473B-8B34-4717199BE677}.Debug|iPhone.Build.0 = Debug|Any CPU
		{D33F4FBA-1FD1-473B-8B34-4717199BE677}.Debug|iPhoneSimulator.ActiveCfg = Debug|Any CPU
		{D33F4FBA-1FD1-473B-8B34-4717199BE677}.Debug|iPhoneSimulator.Build.0 = Debug|Any CPU
		{D33F4FBA-1FD1-473B-8B34-4717199BE677}.Debug|x64.ActiveCfg = Debug|Any CPU
		{D33F4FBA-1FD1-473B-8B34-4717199BE677}.Debug|x64.Build.0 = Debug|Any CPU
		{D33F4FBA-1FD1-473B-8B34-4717199BE677}.Debug|x86.ActiveCfg = Debug|Any CPU
		{D33F4FBA-1FD1-473B-8B34-4717199BE677}.Debug|x86.Build.0 = Debug|Any CPU
		{D33F4FBA-1FD1-473B-8B34-4717199BE677}.Release|Any CPU.ActiveCfg = Release|Any CPU
		{D33F4FBA-1FD1-473B-8B34-4717199BE677}.Release|Any CPU.Build.0 = Release|Any CPU
		{D33F4FBA-1FD1-473B-8B34-4717199BE677}.Release|ARM.ActiveCfg = Release|Any CPU
		{D33F4FBA-1FD1-473B-8B34-4717199BE677}.Release|ARM.Build.0 = Release|Any CPU
		{D33F4FBA-1FD1-473B-8B34-4717199BE677}.Release|iPhone.ActiveCfg = Release|Any CPU
		{D33F4FBA-1FD1-473B-8B34-4717199BE677}.Release|iPhone.Build.0 = Release|Any CPU
		{D33F4FBA-1FD1-473B-8B34-4717199BE677}.Release|iPhoneSimulator.ActiveCfg = Release|Any CPU
		{D33F4FBA-1FD1-473B-8B34-4717199BE677}.Release|iPhoneSimulator.Build.0 = Release|Any CPU
		{D33F4FBA-1FD1-473B-8B34-4717199BE677}.Release|x64.ActiveCfg = Release|Any CPU
		{D33F4FBA-1FD1-473B-8B34-4717199BE677}.Release|x64.Build.0 = Release|Any CPU
		{D33F4FBA-1FD1-473B-8B34-4717199BE677}.Release|x86.ActiveCfg = Release|Any CPU
		{D33F4FBA-1FD1-473B-8B34-4717199BE677}.Release|x86.Build.0 = Release|Any CPU
		{5DD473D1-B5C8-45E9-958B-B898ADFE527B}.Ad-Hoc|Any CPU.ActiveCfg = Debug|Any CPU
		{5DD473D1-B5C8-45E9-958B-B898ADFE527B}.Ad-Hoc|Any CPU.Build.0 = Debug|Any CPU
		{5DD473D1-B5C8-45E9-958B-B898ADFE527B}.Ad-Hoc|ARM.ActiveCfg = Debug|Any CPU
		{5DD473D1-B5C8-45E9-958B-B898ADFE527B}.Ad-Hoc|ARM.Build.0 = Debug|Any CPU
		{5DD473D1-B5C8-45E9-958B-B898ADFE527B}.Ad-Hoc|iPhone.ActiveCfg = Debug|Any CPU
		{5DD473D1-B5C8-45E9-958B-B898ADFE527B}.Ad-Hoc|iPhone.Build.0 = Debug|Any CPU
		{5DD473D1-B5C8-45E9-958B-B898ADFE527B}.Ad-Hoc|iPhoneSimulator.ActiveCfg = Debug|Any CPU
		{5DD473D1-B5C8-45E9-958B-B898ADFE527B}.Ad-Hoc|iPhoneSimulator.Build.0 = Debug|Any CPU
		{5DD473D1-B5C8-45E9-958B-B898ADFE527B}.Ad-Hoc|x64.ActiveCfg = Debug|Any CPU
		{5DD473D1-B5C8-45E9-958B-B898ADFE527B}.Ad-Hoc|x64.Build.0 = Debug|Any CPU
		{5DD473D1-B5C8-45E9-958B-B898ADFE527B}.Ad-Hoc|x86.ActiveCfg = Debug|Any CPU
		{5DD473D1-B5C8-45E9-958B-B898ADFE527B}.Ad-Hoc|x86.Build.0 = Debug|Any CPU
		{5DD473D1-B5C8-45E9-958B-B898ADFE527B}.AppStore|Any CPU.ActiveCfg = Debug|Any CPU
		{5DD473D1-B5C8-45E9-958B-B898ADFE527B}.AppStore|Any CPU.Build.0 = Debug|Any CPU
		{5DD473D1-B5C8-45E9-958B-B898ADFE527B}.AppStore|ARM.ActiveCfg = Debug|Any CPU
		{5DD473D1-B5C8-45E9-958B-B898ADFE527B}.AppStore|ARM.Build.0 = Debug|Any CPU
		{5DD473D1-B5C8-45E9-958B-B898ADFE527B}.AppStore|iPhone.ActiveCfg = Debug|Any CPU
		{5DD473D1-B5C8-45E9-958B-B898ADFE527B}.AppStore|iPhone.Build.0 = Debug|Any CPU
		{5DD473D1-B5C8-45E9-958B-B898ADFE527B}.AppStore|iPhoneSimulator.ActiveCfg = Debug|Any CPU
		{5DD473D1-B5C8-45E9-958B-B898ADFE527B}.AppStore|iPhoneSimulator.Build.0 = Debug|Any CPU
		{5DD473D1-B5C8-45E9-958B-B898ADFE527B}.AppStore|x64.ActiveCfg = Debug|Any CPU
		{5DD473D1-B5C8-45E9-958B-B898ADFE527B}.AppStore|x64.Build.0 = Debug|Any CPU
		{5DD473D1-B5C8-45E9-958B-B898ADFE527B}.AppStore|x86.ActiveCfg = Debug|Any CPU
		{5DD473D1-B5C8-45E9-958B-B898ADFE527B}.AppStore|x86.Build.0 = Debug|Any CPU
		{5DD473D1-B5C8-45E9-958B-B898ADFE527B}.Debug|Any CPU.ActiveCfg = Debug|Any CPU
		{5DD473D1-B5C8-45E9-958B-B898ADFE527B}.Debug|Any CPU.Build.0 = Debug|Any CPU
		{5DD473D1-B5C8-45E9-958B-B898ADFE527B}.Debug|ARM.ActiveCfg = Debug|Any CPU
		{5DD473D1-B5C8-45E9-958B-B898ADFE527B}.Debug|ARM.Build.0 = Debug|Any CPU
		{5DD473D1-B5C8-45E9-958B-B898ADFE527B}.Debug|iPhone.ActiveCfg = Debug|Any CPU
		{5DD473D1-B5C8-45E9-958B-B898ADFE527B}.Debug|iPhone.Build.0 = Debug|Any CPU
		{5DD473D1-B5C8-45E9-958B-B898ADFE527B}.Debug|iPhoneSimulator.ActiveCfg = Debug|Any CPU
		{5DD473D1-B5C8-45E9-958B-B898ADFE527B}.Debug|iPhoneSimulator.Build.0 = Debug|Any CPU
		{5DD473D1-B5C8-45E9-958B-B898ADFE527B}.Debug|x64.ActiveCfg = Debug|Any CPU
		{5DD473D1-B5C8-45E9-958B-B898ADFE527B}.Debug|x64.Build.0 = Debug|Any CPU
		{5DD473D1-B5C8-45E9-958B-B898ADFE527B}.Debug|x86.ActiveCfg = Debug|Any CPU
		{5DD473D1-B5C8-45E9-958B-B898ADFE527B}.Debug|x86.Build.0 = Debug|Any CPU
		{5DD473D1-B5C8-45E9-958B-B898ADFE527B}.Release|Any CPU.ActiveCfg = Release|Any CPU
		{5DD473D1-B5C8-45E9-958B-B898ADFE527B}.Release|Any CPU.Build.0 = Release|Any CPU
		{5DD473D1-B5C8-45E9-958B-B898ADFE527B}.Release|ARM.ActiveCfg = Release|Any CPU
		{5DD473D1-B5C8-45E9-958B-B898ADFE527B}.Release|ARM.Build.0 = Release|Any CPU
		{5DD473D1-B5C8-45E9-958B-B898ADFE527B}.Release|iPhone.ActiveCfg = Release|Any CPU
		{5DD473D1-B5C8-45E9-958B-B898ADFE527B}.Release|iPhone.Build.0 = Release|Any CPU
		{5DD473D1-B5C8-45E9-958B-B898ADFE527B}.Release|iPhoneSimulator.ActiveCfg = Release|Any CPU
		{5DD473D1-B5C8-45E9-958B-B898ADFE527B}.Release|iPhoneSimulator.Build.0 = Release|Any CPU
		{5DD473D1-B5C8-45E9-958B-B898ADFE527B}.Release|x64.ActiveCfg = Release|Any CPU
		{5DD473D1-B5C8-45E9-958B-B898ADFE527B}.Release|x64.Build.0 = Release|Any CPU
		{5DD473D1-B5C8-45E9-958B-B898ADFE527B}.Release|x86.ActiveCfg = Release|Any CPU
		{5DD473D1-B5C8-45E9-958B-B898ADFE527B}.Release|x86.Build.0 = Release|Any CPU
		{B6824DEE-3E3D-403D-8E3F-07E004D70BEA}.Ad-Hoc|Any CPU.ActiveCfg = Debug|Any CPU
		{B6824DEE-3E3D-403D-8E3F-07E004D70BEA}.Ad-Hoc|Any CPU.Build.0 = Debug|Any CPU
		{B6824DEE-3E3D-403D-8E3F-07E004D70BEA}.Ad-Hoc|ARM.ActiveCfg = Debug|Any CPU
		{B6824DEE-3E3D-403D-8E3F-07E004D70BEA}.Ad-Hoc|ARM.Build.0 = Debug|Any CPU
		{B6824DEE-3E3D-403D-8E3F-07E004D70BEA}.Ad-Hoc|iPhone.ActiveCfg = Debug|Any CPU
		{B6824DEE-3E3D-403D-8E3F-07E004D70BEA}.Ad-Hoc|iPhone.Build.0 = Debug|Any CPU
		{B6824DEE-3E3D-403D-8E3F-07E004D70BEA}.Ad-Hoc|iPhoneSimulator.ActiveCfg = Debug|Any CPU
		{B6824DEE-3E3D-403D-8E3F-07E004D70BEA}.Ad-Hoc|iPhoneSimulator.Build.0 = Debug|Any CPU
		{B6824DEE-3E3D-403D-8E3F-07E004D70BEA}.Ad-Hoc|x64.ActiveCfg = Debug|Any CPU
		{B6824DEE-3E3D-403D-8E3F-07E004D70BEA}.Ad-Hoc|x64.Build.0 = Debug|Any CPU
		{B6824DEE-3E3D-403D-8E3F-07E004D70BEA}.Ad-Hoc|x86.ActiveCfg = Debug|Any CPU
		{B6824DEE-3E3D-403D-8E3F-07E004D70BEA}.Ad-Hoc|x86.Build.0 = Debug|Any CPU
		{B6824DEE-3E3D-403D-8E3F-07E004D70BEA}.AppStore|Any CPU.ActiveCfg = Debug|Any CPU
		{B6824DEE-3E3D-403D-8E3F-07E004D70BEA}.AppStore|Any CPU.Build.0 = Debug|Any CPU
		{B6824DEE-3E3D-403D-8E3F-07E004D70BEA}.AppStore|ARM.ActiveCfg = Debug|Any CPU
		{B6824DEE-3E3D-403D-8E3F-07E004D70BEA}.AppStore|ARM.Build.0 = Debug|Any CPU
		{B6824DEE-3E3D-403D-8E3F-07E004D70BEA}.AppStore|iPhone.ActiveCfg = Debug|Any CPU
		{B6824DEE-3E3D-403D-8E3F-07E004D70BEA}.AppStore|iPhone.Build.0 = Debug|Any CPU
		{B6824DEE-3E3D-403D-8E3F-07E004D70BEA}.AppStore|iPhoneSimulator.ActiveCfg = Debug|Any CPU
		{B6824DEE-3E3D-403D-8E3F-07E004D70BEA}.AppStore|iPhoneSimulator.Build.0 = Debug|Any CPU
		{B6824DEE-3E3D-403D-8E3F-07E004D70BEA}.AppStore|x64.ActiveCfg = Debug|Any CPU
		{B6824DEE-3E3D-403D-8E3F-07E004D70BEA}.AppStore|x64.Build.0 = Debug|Any CPU
		{B6824DEE-3E3D-403D-8E3F-07E004D70BEA}.AppStore|x86.ActiveCfg = Debug|Any CPU
		{B6824DEE-3E3D-403D-8E3F-07E004D70BEA}.AppStore|x86.Build.0 = Debug|Any CPU
		{B6824DEE-3E3D-403D-8E3F-07E004D70BEA}.Debug|Any CPU.ActiveCfg = Debug|Any CPU
		{B6824DEE-3E3D-403D-8E3F-07E004D70BEA}.Debug|Any CPU.Build.0 = Debug|Any CPU
		{B6824DEE-3E3D-403D-8E3F-07E004D70BEA}.Debug|ARM.ActiveCfg = Debug|Any CPU
		{B6824DEE-3E3D-403D-8E3F-07E004D70BEA}.Debug|ARM.Build.0 = Debug|Any CPU
		{B6824DEE-3E3D-403D-8E3F-07E004D70BEA}.Debug|iPhone.ActiveCfg = Debug|Any CPU
		{B6824DEE-3E3D-403D-8E3F-07E004D70BEA}.Debug|iPhone.Build.0 = Debug|Any CPU
		{B6824DEE-3E3D-403D-8E3F-07E004D70BEA}.Debug|iPhoneSimulator.ActiveCfg = Debug|Any CPU
		{B6824DEE-3E3D-403D-8E3F-07E004D70BEA}.Debug|iPhoneSimulator.Build.0 = Debug|Any CPU
		{B6824DEE-3E3D-403D-8E3F-07E004D70BEA}.Debug|x64.ActiveCfg = Debug|Any CPU
		{B6824DEE-3E3D-403D-8E3F-07E004D70BEA}.Debug|x64.Build.0 = Debug|Any CPU
		{B6824DEE-3E3D-403D-8E3F-07E004D70BEA}.Debug|x86.ActiveCfg = Debug|Any CPU
		{B6824DEE-3E3D-403D-8E3F-07E004D70BEA}.Debug|x86.Build.0 = Debug|Any CPU
		{B6824DEE-3E3D-403D-8E3F-07E004D70BEA}.Release|Any CPU.ActiveCfg = Release|Any CPU
		{B6824DEE-3E3D-403D-8E3F-07E004D70BEA}.Release|Any CPU.Build.0 = Release|Any CPU
		{B6824DEE-3E3D-403D-8E3F-07E004D70BEA}.Release|ARM.ActiveCfg = Release|Any CPU
		{B6824DEE-3E3D-403D-8E3F-07E004D70BEA}.Release|ARM.Build.0 = Release|Any CPU
		{B6824DEE-3E3D-403D-8E3F-07E004D70BEA}.Release|iPhone.ActiveCfg = Release|Any CPU
		{B6824DEE-3E3D-403D-8E3F-07E004D70BEA}.Release|iPhone.Build.0 = Release|Any CPU
		{B6824DEE-3E3D-403D-8E3F-07E004D70BEA}.Release|iPhoneSimulator.ActiveCfg = Release|Any CPU
		{B6824DEE-3E3D-403D-8E3F-07E004D70BEA}.Release|iPhoneSimulator.Build.0 = Release|Any CPU
		{B6824DEE-3E3D-403D-8E3F-07E004D70BEA}.Release|x64.ActiveCfg = Release|Any CPU
		{B6824DEE-3E3D-403D-8E3F-07E004D70BEA}.Release|x64.Build.0 = Release|Any CPU
		{B6824DEE-3E3D-403D-8E3F-07E004D70BEA}.Release|x86.ActiveCfg = Release|Any CPU
		{B6824DEE-3E3D-403D-8E3F-07E004D70BEA}.Release|x86.Build.0 = Release|Any CPU
		{02B818DA-0327-4F09-A1EB-2F3CA716D434}.Ad-Hoc|Any CPU.ActiveCfg = Debug|Any CPU
		{02B818DA-0327-4F09-A1EB-2F3CA716D434}.Ad-Hoc|Any CPU.Build.0 = Debug|Any CPU
		{02B818DA-0327-4F09-A1EB-2F3CA716D434}.Ad-Hoc|ARM.ActiveCfg = Debug|Any CPU
		{02B818DA-0327-4F09-A1EB-2F3CA716D434}.Ad-Hoc|ARM.Build.0 = Debug|Any CPU
		{02B818DA-0327-4F09-A1EB-2F3CA716D434}.Ad-Hoc|iPhone.ActiveCfg = Debug|Any CPU
		{02B818DA-0327-4F09-A1EB-2F3CA716D434}.Ad-Hoc|iPhone.Build.0 = Debug|Any CPU
		{02B818DA-0327-4F09-A1EB-2F3CA716D434}.Ad-Hoc|iPhoneSimulator.ActiveCfg = Debug|Any CPU
		{02B818DA-0327-4F09-A1EB-2F3CA716D434}.Ad-Hoc|iPhoneSimulator.Build.0 = Debug|Any CPU
		{02B818DA-0327-4F09-A1EB-2F3CA716D434}.Ad-Hoc|x64.ActiveCfg = Debug|Any CPU
		{02B818DA-0327-4F09-A1EB-2F3CA716D434}.Ad-Hoc|x64.Build.0 = Debug|Any CPU
		{02B818DA-0327-4F09-A1EB-2F3CA716D434}.Ad-Hoc|x86.ActiveCfg = Debug|Any CPU
		{02B818DA-0327-4F09-A1EB-2F3CA716D434}.Ad-Hoc|x86.Build.0 = Debug|Any CPU
		{02B818DA-0327-4F09-A1EB-2F3CA716D434}.AppStore|Any CPU.ActiveCfg = Debug|Any CPU
		{02B818DA-0327-4F09-A1EB-2F3CA716D434}.AppStore|Any CPU.Build.0 = Debug|Any CPU
		{02B818DA-0327-4F09-A1EB-2F3CA716D434}.AppStore|ARM.ActiveCfg = Debug|Any CPU
		{02B818DA-0327-4F09-A1EB-2F3CA716D434}.AppStore|ARM.Build.0 = Debug|Any CPU
		{02B818DA-0327-4F09-A1EB-2F3CA716D434}.AppStore|iPhone.ActiveCfg = Debug|Any CPU
		{02B818DA-0327-4F09-A1EB-2F3CA716D434}.AppStore|iPhone.Build.0 = Debug|Any CPU
		{02B818DA-0327-4F09-A1EB-2F3CA716D434}.AppStore|iPhoneSimulator.ActiveCfg = Debug|Any CPU
		{02B818DA-0327-4F09-A1EB-2F3CA716D434}.AppStore|iPhoneSimulator.Build.0 = Debug|Any CPU
		{02B818DA-0327-4F09-A1EB-2F3CA716D434}.AppStore|x64.ActiveCfg = Debug|Any CPU
		{02B818DA-0327-4F09-A1EB-2F3CA716D434}.AppStore|x64.Build.0 = Debug|Any CPU
		{02B818DA-0327-4F09-A1EB-2F3CA716D434}.AppStore|x86.ActiveCfg = Debug|Any CPU
		{02B818DA-0327-4F09-A1EB-2F3CA716D434}.AppStore|x86.Build.0 = Debug|Any CPU
		{02B818DA-0327-4F09-A1EB-2F3CA716D434}.Debug|Any CPU.ActiveCfg = Debug|Any CPU
		{02B818DA-0327-4F09-A1EB-2F3CA716D434}.Debug|Any CPU.Build.0 = Debug|Any CPU
		{02B818DA-0327-4F09-A1EB-2F3CA716D434}.Debug|ARM.ActiveCfg = Debug|Any CPU
		{02B818DA-0327-4F09-A1EB-2F3CA716D434}.Debug|ARM.Build.0 = Debug|Any CPU
		{02B818DA-0327-4F09-A1EB-2F3CA716D434}.Debug|iPhone.ActiveCfg = Debug|Any CPU
		{02B818DA-0327-4F09-A1EB-2F3CA716D434}.Debug|iPhone.Build.0 = Debug|Any CPU
		{02B818DA-0327-4F09-A1EB-2F3CA716D434}.Debug|iPhoneSimulator.ActiveCfg = Debug|Any CPU
		{02B818DA-0327-4F09-A1EB-2F3CA716D434}.Debug|iPhoneSimulator.Build.0 = Debug|Any CPU
		{02B818DA-0327-4F09-A1EB-2F3CA716D434}.Debug|x64.ActiveCfg = Debug|Any CPU
		{02B818DA-0327-4F09-A1EB-2F3CA716D434}.Debug|x64.Build.0 = Debug|Any CPU
		{02B818DA-0327-4F09-A1EB-2F3CA716D434}.Debug|x86.ActiveCfg = Debug|Any CPU
		{02B818DA-0327-4F09-A1EB-2F3CA716D434}.Debug|x86.Build.0 = Debug|Any CPU
		{02B818DA-0327-4F09-A1EB-2F3CA716D434}.Release|Any CPU.ActiveCfg = Release|Any CPU
		{02B818DA-0327-4F09-A1EB-2F3CA716D434}.Release|Any CPU.Build.0 = Release|Any CPU
		{02B818DA-0327-4F09-A1EB-2F3CA716D434}.Release|ARM.ActiveCfg = Release|Any CPU
		{02B818DA-0327-4F09-A1EB-2F3CA716D434}.Release|ARM.Build.0 = Release|Any CPU
		{02B818DA-0327-4F09-A1EB-2F3CA716D434}.Release|iPhone.ActiveCfg = Release|Any CPU
		{02B818DA-0327-4F09-A1EB-2F3CA716D434}.Release|iPhone.Build.0 = Release|Any CPU
		{02B818DA-0327-4F09-A1EB-2F3CA716D434}.Release|iPhoneSimulator.ActiveCfg = Release|Any CPU
		{02B818DA-0327-4F09-A1EB-2F3CA716D434}.Release|iPhoneSimulator.Build.0 = Release|Any CPU
		{02B818DA-0327-4F09-A1EB-2F3CA716D434}.Release|x64.ActiveCfg = Release|Any CPU
		{02B818DA-0327-4F09-A1EB-2F3CA716D434}.Release|x64.Build.0 = Release|Any CPU
		{02B818DA-0327-4F09-A1EB-2F3CA716D434}.Release|x86.ActiveCfg = Release|Any CPU
		{02B818DA-0327-4F09-A1EB-2F3CA716D434}.Release|x86.Build.0 = Release|Any CPU
	EndGlobalSection
	GlobalSection(SolutionProperties) = preSolution
		HideSolutionNode = FALSE
	EndGlobalSection
	GlobalSection(ExtensibilityGlobals) = postSolution
		SolutionGuid = {A84BBCA8-0C7B-4E65-B5D9-CD1C0A2ACAA9}
	EndGlobalSection
EndGlobal
