
Microsoft Visual Studio Solution File, Format Version 12.00
# Visual Studio 15
VisualStudioVersion = 15.0.27004.2010
MinimumVisualStudioVersion = 10.0.40219.1
Project("{FAE04EC0-301F-11D3-BF4B-00C04F79EFBC}") = "Study02", "Study02\Study02\Study02.csproj", "{8C8E6D47-2BC9-445B-8BDE-113439BBC093}"
	ProjectSection(ProjectDependencies) = postProject
		{3B026957-E470-4DB4-99BC-799586D837A6} = {3B026957-E470-4DB4-99BC-799586D837A6}
	EndProjectSection
EndProject
Project("{FAE04EC0-301F-11D3-BF4B-00C04F79EFBC}") = "Study02.UWP", "Study02\Study02.UWP\Study02.UWP.csproj", "{C6AC9A4D-E1C2-4A4F-A01E-6DA72EA8A745}"
EndProject
Project("{FAE04EC0-301F-11D3-BF4B-00C04F79EFBC}") = "Study02.Domain.Services", "Study02.Domain.Services\Study02.Domain.Services.csproj", "{3C75CADD-A941-4554-876C-AABCAE83E423}"
EndProject
Project("{FAE04EC0-301F-11D3-BF4B-00C04F79EFBC}") = "Study02.Infrastructure.Data", "Study02.Infrastructure.Data\Study02.Infrastructure.Data.csproj", "{3B026957-E470-4DB4-99BC-799586D837A6}"
EndProject
Project("{FAE04EC0-301F-11D3-BF4B-00C04F79EFBC}") = "Study02.Infrastructure.Dto", "Study02.Infrastructure.Dto\Study02.Infrastructure.Dto.csproj", "{AE9830E9-1E5F-4CD7-949B-2DDF3E54A13E}"
EndProject
Project("{FAE04EC0-301F-11D3-BF4B-00C04F79EFBC}") = "Study02.Domain", "Study02.Domain\Study02.Domain.csproj", "{E7C85192-A119-424E-A24A-501AA90663E7}"
EndProject
Project("{FAE04EC0-301F-11D3-BF4B-00C04F79EFBC}") = "Study02.Helpers", "Study02.Helpers\Study02.Helpers.csproj", "{512BDBBE-D168-4D9C-B2A0-C5D81061C76C}"
EndProject
Global
	GlobalSection(SolutionConfigurationPlatforms) = preSolution
		Ad-Hoc|Any CPU = Ad-Hoc|Any CPU
		Ad-Hoc|ARM = Ad-Hoc|ARM
		Ad-Hoc|iPhone = Ad-Hoc|iPhone
		Ad-Hoc|iPhoneSimulator = Ad-Hoc|iPhoneSimulator
		Ad-Hoc|x64 = Ad-Hoc|x64
		Ad-Hoc|x86 = Ad-Hoc|x86
		AppStore|Any CPU = AppStore|Any CPU
		AppStore|ARM = AppStore|ARM
		AppStore|iPhone = AppStore|iPhone
		AppStore|iPhoneSimulator = AppStore|iPhoneSimulator
		AppStore|x64 = AppStore|x64
		AppStore|x86 = AppStore|x86
		Debug|Any CPU = Debug|Any CPU
		Debug|ARM = Debug|ARM
		Debug|iPhone = Debug|iPhone
		Debug|iPhoneSimulator = Debug|iPhoneSimulator
		Debug|x64 = Debug|x64
		Debug|x86 = Debug|x86
		Release|Any CPU = Release|Any CPU
		Release|ARM = Release|ARM
		Release|iPhone = Release|iPhone
		Release|iPhoneSimulator = Release|iPhoneSimulator
		Release|x64 = Release|x64
		Release|x86 = Release|x86
	EndGlobalSection
	GlobalSection(ProjectConfigurationPlatforms) = postSolution
		{8C8E6D47-2BC9-445B-8BDE-113439BBC093}.Ad-Hoc|Any CPU.ActiveCfg = Release|Any CPU
		{8C8E6D47-2BC9-445B-8BDE-113439BBC093}.Ad-Hoc|Any CPU.Build.0 = Release|Any CPU
		{8C8E6D47-2BC9-445B-8BDE-113439BBC093}.Ad-Hoc|ARM.ActiveCfg = Release|Any CPU
		{8C8E6D47-2BC9-445B-8BDE-113439BBC093}.Ad-Hoc|ARM.Build.0 = Release|Any CPU
		{8C8E6D47-2BC9-445B-8BDE-113439BBC093}.Ad-Hoc|iPhone.ActiveCfg = Release|Any CPU
		{8C8E6D47-2BC9-445B-8BDE-113439BBC093}.Ad-Hoc|iPhone.Build.0 = Release|Any CPU
		{8C8E6D47-2BC9-445B-8BDE-113439BBC093}.Ad-Hoc|iPhoneSimulator.ActiveCfg = Release|Any CPU
		{8C8E6D47-2BC9-445B-8BDE-113439BBC093}.Ad-Hoc|iPhoneSimulator.Build.0 = Release|Any CPU
		{8C8E6D47-2BC9-445B-8BDE-113439BBC093}.Ad-Hoc|x64.ActiveCfg = Release|Any CPU
		{8C8E6D47-2BC9-445B-8BDE-113439BBC093}.Ad-Hoc|x64.Build.0 = Release|Any CPU
		{8C8E6D47-2BC9-445B-8BDE-113439BBC093}.Ad-Hoc|x86.ActiveCfg = Release|Any CPU
		{8C8E6D47-2BC9-445B-8BDE-113439BBC093}.Ad-Hoc|x86.Build.0 = Release|Any CPU
		{8C8E6D47-2BC9-445B-8BDE-113439BBC093}.AppStore|Any CPU.ActiveCfg = Release|Any CPU
		{8C8E6D47-2BC9-445B-8BDE-113439BBC093}.AppStore|Any CPU.Build.0 = Release|Any CPU
		{8C8E6D47-2BC9-445B-8BDE-113439BBC093}.AppStore|ARM.ActiveCfg = Release|Any CPU
		{8C8E6D47-2BC9-445B-8BDE-113439BBC093}.AppStore|ARM.Build.0 = Release|Any CPU
		{8C8E6D47-2BC9-445B-8BDE-113439BBC093}.AppStore|iPhone.ActiveCfg = Release|Any CPU
		{8C8E6D47-2BC9-445B-8BDE-113439BBC093}.AppStore|iPhone.Build.0 = Release|Any CPU
		{8C8E6D47-2BC9-445B-8BDE-113439BBC093}.AppStore|iPhoneSimulator.ActiveCfg = Release|Any CPU
		{8C8E6D47-2BC9-445B-8BDE-113439BBC093}.AppStore|iPhoneSimulator.Build.0 = Release|Any CPU
		{8C8E6D47-2BC9-445B-8BDE-113439BBC093}.AppStore|x64.ActiveCfg = Release|Any CPU
		{8C8E6D47-2BC9-445B-8BDE-113439BBC093}.AppStore|x64.Build.0 = Release|Any CPU
		{8C8E6D47-2BC9-445B-8BDE-113439BBC093}.AppStore|x86.ActiveCfg = Release|Any CPU
		{8C8E6D47-2BC9-445B-8BDE-113439BBC093}.AppStore|x86.Build.0 = Release|Any CPU
		{8C8E6D47-2BC9-445B-8BDE-113439BBC093}.Debug|Any CPU.ActiveCfg = Debug|Any CPU
		{8C8E6D47-2BC9-445B-8BDE-113439BBC093}.Debug|Any CPU.Build.0 = Debug|Any CPU
		{8C8E6D47-2BC9-445B-8BDE-113439BBC093}.Debug|ARM.ActiveCfg = Debug|Any CPU
		{8C8E6D47-2BC9-445B-8BDE-113439BBC093}.Debug|ARM.Build.0 = Debug|Any CPU
		{8C8E6D47-2BC9-445B-8BDE-113439BBC093}.Debug|iPhone.ActiveCfg = Debug|Any CPU
		{8C8E6D47-2BC9-445B-8BDE-113439BBC093}.Debug|iPhone.Build.0 = Debug|Any CPU
		{8C8E6D47-2BC9-445B-8BDE-113439BBC093}.Debug|iPhoneSimulator.ActiveCfg = Debug|Any CPU
		{8C8E6D47-2BC9-445B-8BDE-113439BBC093}.Debug|iPhoneSimulator.Build.0 = Debug|Any CPU
		{8C8E6D47-2BC9-445B-8BDE-113439BBC093}.Debug|x64.ActiveCfg = Debug|Any CPU
		{8C8E6D47-2BC9-445B-8BDE-113439BBC093}.Debug|x64.Build.0 = Debug|Any CPU
		{8C8E6D47-2BC9-445B-8BDE-113439BBC093}.Debug|x86.ActiveCfg = Debug|Any CPU
		{8C8E6D47-2BC9-445B-8BDE-113439BBC093}.Debug|x86.Build.0 = Debug|Any CPU
		{8C8E6D47-2BC9-445B-8BDE-113439BBC093}.Release|Any CPU.ActiveCfg = Release|Any CPU
		{8C8E6D47-2BC9-445B-8BDE-113439BBC093}.Release|Any CPU.Build.0 = Release|Any CPU
		{8C8E6D47-2BC9-445B-8BDE-113439BBC093}.Release|ARM.ActiveCfg = Release|Any CPU
		{8C8E6D47-2BC9-445B-8BDE-113439BBC093}.Release|ARM.Build.0 = Release|Any CPU
		{8C8E6D47-2BC9-445B-8BDE-113439BBC093}.Release|iPhone.ActiveCfg = Release|Any CPU
		{8C8E6D47-2BC9-445B-8BDE-113439BBC093}.Release|iPhone.Build.0 = Release|Any CPU
		{8C8E6D47-2BC9-445B-8BDE-113439BBC093}.Release|iPhoneSimulator.ActiveCfg = Release|Any CPU
		{8C8E6D47-2BC9-445B-8BDE-113439BBC093}.Release|iPhoneSimulator.Build.0 = Release|Any CPU
		{8C8E6D47-2BC9-445B-8BDE-113439BBC093}.Release|x64.ActiveCfg = Release|Any CPU
		{8C8E6D47-2BC9-445B-8BDE-113439BBC093}.Release|x64.Build.0 = Release|Any CPU
		{8C8E6D47-2BC9-445B-8BDE-113439BBC093}.Release|x86.ActiveCfg = Release|Any CPU
		{8C8E6D47-2BC9-445B-8BDE-113439BBC093}.Release|x86.Build.0 = Release|Any CPU
		{C6AC9A4D-E1C2-4A4F-A01E-6DA72EA8A745}.Ad-Hoc|Any CPU.ActiveCfg = Release|x86
		{C6AC9A4D-E1C2-4A4F-A01E-6DA72EA8A745}.Ad-Hoc|Any CPU.Build.0 = Release|x86
		{C6AC9A4D-E1C2-4A4F-A01E-6DA72EA8A745}.Ad-Hoc|Any CPU.Deploy.0 = Release|x86
		{C6AC9A4D-E1C2-4A4F-A01E-6DA72EA8A745}.Ad-Hoc|ARM.ActiveCfg = Release|ARM
		{C6AC9A4D-E1C2-4A4F-A01E-6DA72EA8A745}.Ad-Hoc|ARM.Build.0 = Release|ARM
		{C6AC9A4D-E1C2-4A4F-A01E-6DA72EA8A745}.Ad-Hoc|ARM.Deploy.0 = Release|ARM
		{C6AC9A4D-E1C2-4A4F-A01E-6DA72EA8A745}.Ad-Hoc|iPhone.ActiveCfg = Release|x86
		{C6AC9A4D-E1C2-4A4F-A01E-6DA72EA8A745}.Ad-Hoc|iPhone.Build.0 = Release|x86
		{C6AC9A4D-E1C2-4A4F-A01E-6DA72EA8A745}.Ad-Hoc|iPhone.Deploy.0 = Release|x86
		{C6AC9A4D-E1C2-4A4F-A01E-6DA72EA8A745}.Ad-Hoc|iPhoneSimulator.ActiveCfg = Release|x86
		{C6AC9A4D-E1C2-4A4F-A01E-6DA72EA8A745}.Ad-Hoc|iPhoneSimulator.Build.0 = Release|x86
		{C6AC9A4D-E1C2-4A4F-A01E-6DA72EA8A745}.Ad-Hoc|iPhoneSimulator.Deploy.0 = Release|x86
		{C6AC9A4D-E1C2-4A4F-A01E-6DA72EA8A745}.Ad-Hoc|x64.ActiveCfg = Release|x64
		{C6AC9A4D-E1C2-4A4F-A01E-6DA72EA8A745}.Ad-Hoc|x64.Build.0 = Release|x64
		{C6AC9A4D-E1C2-4A4F-A01E-6DA72EA8A745}.Ad-Hoc|x64.Deploy.0 = Release|x64
		{C6AC9A4D-E1C2-4A4F-A01E-6DA72EA8A745}.Ad-Hoc|x86.ActiveCfg = Release|x86
		{C6AC9A4D-E1C2-4A4F-A01E-6DA72EA8A745}.Ad-Hoc|x86.Build.0 = Release|x86
		{C6AC9A4D-E1C2-4A4F-A01E-6DA72EA8A745}.Ad-Hoc|x86.Deploy.0 = Release|x86
		{C6AC9A4D-E1C2-4A4F-A01E-6DA72EA8A745}.AppStore|Any CPU.ActiveCfg = Release|x86
		{C6AC9A4D-E1C2-4A4F-A01E-6DA72EA8A745}.AppStore|Any CPU.Build.0 = Release|x86
		{C6AC9A4D-E1C2-4A4F-A01E-6DA72EA8A745}.AppStore|Any CPU.Deploy.0 = Release|x86
		{C6AC9A4D-E1C2-4A4F-A01E-6DA72EA8A745}.AppStore|ARM.ActiveCfg = Release|ARM
		{C6AC9A4D-E1C2-4A4F-A01E-6DA72EA8A745}.AppStore|ARM.Build.0 = Release|ARM
		{C6AC9A4D-E1C2-4A4F-A01E-6DA72EA8A745}.AppStore|ARM.Deploy.0 = Release|ARM
		{C6AC9A4D-E1C2-4A4F-A01E-6DA72EA8A745}.AppStore|iPhone.ActiveCfg = Release|x86
		{C6AC9A4D-E1C2-4A4F-A01E-6DA72EA8A745}.AppStore|iPhone.Build.0 = Release|x86
		{C6AC9A4D-E1C2-4A4F-A01E-6DA72EA8A745}.AppStore|iPhone.Deploy.0 = Release|x86
		{C6AC9A4D-E1C2-4A4F-A01E-6DA72EA8A745}.AppStore|iPhoneSimulator.ActiveCfg = Release|x86
		{C6AC9A4D-E1C2-4A4F-A01E-6DA72EA8A745}.AppStore|iPhoneSimulator.Build.0 = Release|x86
		{C6AC9A4D-E1C2-4A4F-A01E-6DA72EA8A745}.AppStore|iPhoneSimulator.Deploy.0 = Release|x86
		{C6AC9A4D-E1C2-4A4F-A01E-6DA72EA8A745}.AppStore|x64.ActiveCfg = Release|x64
		{C6AC9A4D-E1C2-4A4F-A01E-6DA72EA8A745}.AppStore|x64.Build.0 = Release|x64
		{C6AC9A4D-E1C2-4A4F-A01E-6DA72EA8A745}.AppStore|x64.Deploy.0 = Release|x64
		{C6AC9A4D-E1C2-4A4F-A01E-6DA72EA8A745}.AppStore|x86.ActiveCfg = Release|x86
		{C6AC9A4D-E1C2-4A4F-A01E-6DA72EA8A745}.AppStore|x86.Build.0 = Release|x86
		{C6AC9A4D-E1C2-4A4F-A01E-6DA72EA8A745}.AppStore|x86.Deploy.0 = Release|x86
		{C6AC9A4D-E1C2-4A4F-A01E-6DA72EA8A745}.Debug|Any CPU.ActiveCfg = Debug|x86
		{C6AC9A4D-E1C2-4A4F-A01E-6DA72EA8A745}.Debug|Any CPU.Build.0 = Debug|x86
		{C6AC9A4D-E1C2-4A4F-A01E-6DA72EA8A745}.Debug|Any CPU.Deploy.0 = Debug|x86
		{C6AC9A4D-E1C2-4A4F-A01E-6DA72EA8A745}.Debug|ARM.ActiveCfg = Debug|ARM
		{C6AC9A4D-E1C2-4A4F-A01E-6DA72EA8A745}.Debug|ARM.Build.0 = Debug|ARM
		{C6AC9A4D-E1C2-4A4F-A01E-6DA72EA8A745}.Debug|ARM.Deploy.0 = Debug|ARM
		{C6AC9A4D-E1C2-4A4F-A01E-6DA72EA8A745}.Debug|iPhone.ActiveCfg = Debug|x86
		{C6AC9A4D-E1C2-4A4F-A01E-6DA72EA8A745}.Debug|iPhoneSimulator.ActiveCfg = Debug|x86
		{C6AC9A4D-E1C2-4A4F-A01E-6DA72EA8A745}.Debug|x64.ActiveCfg = Debug|x64
		{C6AC9A4D-E1C2-4A4F-A01E-6DA72EA8A745}.Debug|x64.Build.0 = Debug|x64
		{C6AC9A4D-E1C2-4A4F-A01E-6DA72EA8A745}.Debug|x64.Deploy.0 = Debug|x64
		{C6AC9A4D-E1C2-4A4F-A01E-6DA72EA8A745}.Debug|x86.ActiveCfg = Debug|x86
		{C6AC9A4D-E1C2-4A4F-A01E-6DA72EA8A745}.Debug|x86.Build.0 = Debug|x86
		{C6AC9A4D-E1C2-4A4F-A01E-6DA72EA8A745}.Debug|x86.Deploy.0 = Debug|x86
		{C6AC9A4D-E1C2-4A4F-A01E-6DA72EA8A745}.Release|Any CPU.ActiveCfg = Release|x86
		{C6AC9A4D-E1C2-4A4F-A01E-6DA72EA8A745}.Release|ARM.ActiveCfg = Release|ARM
		{C6AC9A4D-E1C2-4A4F-A01E-6DA72EA8A745}.Release|ARM.Build.0 = Release|ARM
		{C6AC9A4D-E1C2-4A4F-A01E-6DA72EA8A745}.Release|ARM.Deploy.0 = Release|ARM
		{C6AC9A4D-E1C2-4A4F-A01E-6DA72EA8A745}.Release|iPhone.ActiveCfg = Release|x86
		{C6AC9A4D-E1C2-4A4F-A01E-6DA72EA8A745}.Release|iPhoneSimulator.ActiveCfg = Release|x86
		{C6AC9A4D-E1C2-4A4F-A01E-6DA72EA8A745}.Release|x64.ActiveCfg = Release|x64
		{C6AC9A4D-E1C2-4A4F-A01E-6DA72EA8A745}.Release|x64.Build.0 = Release|x64
		{C6AC9A4D-E1C2-4A4F-A01E-6DA72EA8A745}.Release|x64.Deploy.0 = Release|x64
		{C6AC9A4D-E1C2-4A4F-A01E-6DA72EA8A745}.Release|x86.ActiveCfg = Release|x86
		{C6AC9A4D-E1C2-4A4F-A01E-6DA72EA8A745}.Release|x86.Build.0 = Release|x86
		{C6AC9A4D-E1C2-4A4F-A01E-6DA72EA8A745}.Release|x86.Deploy.0 = Release|x86
		{3C75CADD-A941-4554-876C-AABCAE83E423}.Ad-Hoc|Any CPU.ActiveCfg = Release|Any CPU
		{3C75CADD-A941-4554-876C-AABCAE83E423}.Ad-Hoc|Any CPU.Build.0 = Release|Any CPU
		{3C75CADD-A941-4554-876C-AABCAE83E423}.Ad-Hoc|ARM.ActiveCfg = Release|Any CPU
		{3C75CADD-A941-4554-876C-AABCAE83E423}.Ad-Hoc|ARM.Build.0 = Release|Any CPU
		{3C75CADD-A941-4554-876C-AABCAE83E423}.Ad-Hoc|iPhone.ActiveCfg = Release|Any CPU
		{3C75CADD-A941-4554-876C-AABCAE83E423}.Ad-Hoc|iPhone.Build.0 = Release|Any CPU
		{3C75CADD-A941-4554-876C-AABCAE83E423}.Ad-Hoc|iPhoneSimulator.ActiveCfg = Release|Any CPU
		{3C75CADD-A941-4554-876C-AABCAE83E423}.Ad-Hoc|iPhoneSimulator.Build.0 = Release|Any CPU
		{3C75CADD-A941-4554-876C-AABCAE83E423}.Ad-Hoc|x64.ActiveCfg = Release|Any CPU
		{3C75CADD-A941-4554-876C-AABCAE83E423}.Ad-Hoc|x64.Build.0 = Release|Any CPU
		{3C75CADD-A941-4554-876C-AABCAE83E423}.Ad-Hoc|x86.ActiveCfg = Release|Any CPU
		{3C75CADD-A941-4554-876C-AABCAE83E423}.Ad-Hoc|x86.Build.0 = Release|Any CPU
		{3C75CADD-A941-4554-876C-AABCAE83E423}.AppStore|Any CPU.ActiveCfg = Release|Any CPU
		{3C75CADD-A941-4554-876C-AABCAE83E423}.AppStore|Any CPU.Build.0 = Release|Any CPU
		{3C75CADD-A941-4554-876C-AABCAE83E423}.AppStore|ARM.ActiveCfg = Release|Any CPU
		{3C75CADD-A941-4554-876C-AABCAE83E423}.AppStore|ARM.Build.0 = Release|Any CPU
		{3C75CADD-A941-4554-876C-AABCAE83E423}.AppStore|iPhone.ActiveCfg = Release|Any CPU
		{3C75CADD-A941-4554-876C-AABCAE83E423}.AppStore|iPhone.Build.0 = Release|Any CPU
		{3C75CADD-A941-4554-876C-AABCAE83E423}.AppStore|iPhoneSimulator.ActiveCfg = Release|Any CPU
		{3C75CADD-A941-4554-876C-AABCAE83E423}.AppStore|iPhoneSimulator.Build.0 = Release|Any CPU
		{3C75CADD-A941-4554-876C-AABCAE83E423}.AppStore|x64.ActiveCfg = Release|Any CPU
		{3C75CADD-A941-4554-876C-AABCAE83E423}.AppStore|x64.Build.0 = Release|Any CPU
		{3C75CADD-A941-4554-876C-AABCAE83E423}.AppStore|x86.ActiveCfg = Release|Any CPU
		{3C75CADD-A941-4554-876C-AABCAE83E423}.AppStore|x86.Build.0 = Release|Any CPU
		{3C75CADD-A941-4554-876C-AABCAE83E423}.Debug|Any CPU.ActiveCfg = Debug|Any CPU
		{3C75CADD-A941-4554-876C-AABCAE83E423}.Debug|Any CPU.Build.0 = Debug|Any CPU
		{3C75CADD-A941-4554-876C-AABCAE83E423}.Debug|ARM.ActiveCfg = Debug|Any CPU
		{3C75CADD-A941-4554-876C-AABCAE83E423}.Debug|ARM.Build.0 = Debug|Any CPU
		{3C75CADD-A941-4554-876C-AABCAE83E423}.Debug|iPhone.ActiveCfg = Debug|Any CPU
		{3C75CADD-A941-4554-876C-AABCAE83E423}.Debug|iPhone.Build.0 = Debug|Any CPU
		{3C75CADD-A941-4554-876C-AABCAE83E423}.Debug|iPhoneSimulator.ActiveCfg = Debug|Any CPU
		{3C75CADD-A941-4554-876C-AABCAE83E423}.Debug|iPhoneSimulator.Build.0 = Debug|Any CPU
		{3C75CADD-A941-4554-876C-AABCAE83E423}.Debug|x64.ActiveCfg = Debug|Any CPU
		{3C75CADD-A941-4554-876C-AABCAE83E423}.Debug|x64.Build.0 = Debug|Any CPU
		{3C75CADD-A941-4554-876C-AABCAE83E423}.Debug|x86.ActiveCfg = Debug|Any CPU
		{3C75CADD-A941-4554-876C-AABCAE83E423}.Debug|x86.Build.0 = Debug|Any CPU
		{3C75CADD-A941-4554-876C-AABCAE83E423}.Release|Any CPU.ActiveCfg = Release|Any CPU
		{3C75CADD-A941-4554-876C-AABCAE83E423}.Release|Any CPU.Build.0 = Release|Any CPU
		{3C75CADD-A941-4554-876C-AABCAE83E423}.Release|ARM.ActiveCfg = Release|Any CPU
		{3C75CADD-A941-4554-876C-AABCAE83E423}.Release|ARM.Build.0 = Release|Any CPU
		{3C75CADD-A941-4554-876C-AABCAE83E423}.Release|iPhone.ActiveCfg = Release|Any CPU
		{3C75CADD-A941-4554-876C-AABCAE83E423}.Release|iPhone.Build.0 = Release|Any CPU
		{3C75CADD-A941-4554-876C-AABCAE83E423}.Release|iPhoneSimulator.ActiveCfg = Release|Any CPU
		{3C75CADD-A941-4554-876C-AABCAE83E423}.Release|iPhoneSimulator.Build.0 = Release|Any CPU
		{3C75CADD-A941-4554-876C-AABCAE83E423}.Release|x64.ActiveCfg = Release|Any CPU
		{3C75CADD-A941-4554-876C-AABCAE83E423}.Release|x64.Build.0 = Release|Any CPU
		{3C75CADD-A941-4554-876C-AABCAE83E423}.Release|x86.ActiveCfg = Release|Any CPU
		{3C75CADD-A941-4554-876C-AABCAE83E423}.Release|x86.Build.0 = Release|Any CPU
		{3B026957-E470-4DB4-99BC-799586D837A6}.Ad-Hoc|Any CPU.ActiveCfg = Release|Any CPU
		{3B026957-E470-4DB4-99BC-799586D837A6}.Ad-Hoc|Any CPU.Build.0 = Release|Any CPU
		{3B026957-E470-4DB4-99BC-799586D837A6}.Ad-Hoc|ARM.ActiveCfg = Release|Any CPU
		{3B026957-E470-4DB4-99BC-799586D837A6}.Ad-Hoc|ARM.Build.0 = Release|Any CPU
		{3B026957-E470-4DB4-99BC-799586D837A6}.Ad-Hoc|iPhone.ActiveCfg = Release|Any CPU
		{3B026957-E470-4DB4-99BC-799586D837A6}.Ad-Hoc|iPhone.Build.0 = Release|Any CPU
		{3B026957-E470-4DB4-99BC-799586D837A6}.Ad-Hoc|iPhoneSimulator.ActiveCfg = Release|Any CPU
		{3B026957-E470-4DB4-99BC-799586D837A6}.Ad-Hoc|iPhoneSimulator.Build.0 = Release|Any CPU
		{3B026957-E470-4DB4-99BC-799586D837A6}.Ad-Hoc|x64.ActiveCfg = Release|Any CPU
		{3B026957-E470-4DB4-99BC-799586D837A6}.Ad-Hoc|x64.Build.0 = Release|Any CPU
		{3B026957-E470-4DB4-99BC-799586D837A6}.Ad-Hoc|x86.ActiveCfg = Release|Any CPU
		{3B026957-E470-4DB4-99BC-799586D837A6}.Ad-Hoc|x86.Build.0 = Release|Any CPU
		{3B026957-E470-4DB4-99BC-799586D837A6}.AppStore|Any CPU.ActiveCfg = Release|Any CPU
		{3B026957-E470-4DB4-99BC-799586D837A6}.AppStore|Any CPU.Build.0 = Release|Any CPU
		{3B026957-E470-4DB4-99BC-799586D837A6}.AppStore|ARM.ActiveCfg = Release|Any CPU
		{3B026957-E470-4DB4-99BC-799586D837A6}.AppStore|ARM.Build.0 = Release|Any CPU
		{3B026957-E470-4DB4-99BC-799586D837A6}.AppStore|iPhone.ActiveCfg = Release|Any CPU
		{3B026957-E470-4DB4-99BC-799586D837A6}.AppStore|iPhone.Build.0 = Release|Any CPU
		{3B026957-E470-4DB4-99BC-799586D837A6}.AppStore|iPhoneSimulator.ActiveCfg = Release|Any CPU
		{3B026957-E470-4DB4-99BC-799586D837A6}.AppStore|iPhoneSimulator.Build.0 = Release|Any CPU
		{3B026957-E470-4DB4-99BC-799586D837A6}.AppStore|x64.ActiveCfg = Release|Any CPU
		{3B026957-E470-4DB4-99BC-799586D837A6}.AppStore|x64.Build.0 = Release|Any CPU
		{3B026957-E470-4DB4-99BC-799586D837A6}.AppStore|x86.ActiveCfg = Release|Any CPU
		{3B026957-E470-4DB4-99BC-799586D837A6}.AppStore|x86.Build.0 = Release|Any CPU
		{3B026957-E470-4DB4-99BC-799586D837A6}.Debug|Any CPU.ActiveCfg = Debug|Any CPU
		{3B026957-E470-4DB4-99BC-799586D837A6}.Debug|Any CPU.Build.0 = Debug|Any CPU
		{3B026957-E470-4DB4-99BC-799586D837A6}.Debug|ARM.ActiveCfg = Debug|Any CPU
		{3B026957-E470-4DB4-99BC-799586D837A6}.Debug|ARM.Build.0 = Debug|Any CPU
		{3B026957-E470-4DB4-99BC-799586D837A6}.Debug|iPhone.ActiveCfg = Debug|Any CPU
		{3B026957-E470-4DB4-99BC-799586D837A6}.Debug|iPhone.Build.0 = Debug|Any CPU
		{3B026957-E470-4DB4-99BC-799586D837A6}.Debug|iPhoneSimulator.ActiveCfg = Debug|Any CPU
		{3B026957-E470-4DB4-99BC-799586D837A6}.Debug|iPhoneSimulator.Build.0 = Debug|Any CPU
		{3B026957-E470-4DB4-99BC-799586D837A6}.Debug|x64.ActiveCfg = Debug|Any CPU
		{3B026957-E470-4DB4-99BC-799586D837A6}.Debug|x64.Build.0 = Debug|Any CPU
		{3B026957-E470-4DB4-99BC-799586D837A6}.Debug|x86.ActiveCfg = Debug|Any CPU
		{3B026957-E470-4DB4-99BC-799586D837A6}.Debug|x86.Build.0 = Debug|Any CPU
		{3B026957-E470-4DB4-99BC-799586D837A6}.Release|Any CPU.ActiveCfg = Release|Any CPU
		{3B026957-E470-4DB4-99BC-799586D837A6}.Release|Any CPU.Build.0 = Release|Any CPU
		{3B026957-E470-4DB4-99BC-799586D837A6}.Release|ARM.ActiveCfg = Release|Any CPU
		{3B026957-E470-4DB4-99BC-799586D837A6}.Release|ARM.Build.0 = Release|Any CPU
		{3B026957-E470-4DB4-99BC-799586D837A6}.Release|iPhone.ActiveCfg = Release|Any CPU
		{3B026957-E470-4DB4-99BC-799586D837A6}.Release|iPhone.Build.0 = Release|Any CPU
		{3B026957-E470-4DB4-99BC-799586D837A6}.Release|iPhoneSimulator.ActiveCfg = Release|Any CPU
		{3B026957-E470-4DB4-99BC-799586D837A6}.Release|iPhoneSimulator.Build.0 = Release|Any CPU
		{3B026957-E470-4DB4-99BC-799586D837A6}.Release|x64.ActiveCfg = Release|Any CPU
		{3B026957-E470-4DB4-99BC-799586D837A6}.Release|x64.Build.0 = Release|Any CPU
		{3B026957-E470-4DB4-99BC-799586D837A6}.Release|x86.ActiveCfg = Release|Any CPU
		{3B026957-E470-4DB4-99BC-799586D837A6}.Release|x86.Build.0 = Release|Any CPU
		{AE9830E9-1E5F-4CD7-949B-2DDF3E54A13E}.Ad-Hoc|Any CPU.ActiveCfg = Release|Any CPU
		{AE9830E9-1E5F-4CD7-949B-2DDF3E54A13E}.Ad-Hoc|Any CPU.Build.0 = Release|Any CPU
		{AE9830E9-1E5F-4CD7-949B-2DDF3E54A13E}.Ad-Hoc|ARM.ActiveCfg = Release|Any CPU
		{AE9830E9-1E5F-4CD7-949B-2DDF3E54A13E}.Ad-Hoc|ARM.Build.0 = Release|Any CPU
		{AE9830E9-1E5F-4CD7-949B-2DDF3E54A13E}.Ad-Hoc|iPhone.ActiveCfg = Release|Any CPU
		{AE9830E9-1E5F-4CD7-949B-2DDF3E54A13E}.Ad-Hoc|iPhone.Build.0 = Release|Any CPU
		{AE9830E9-1E5F-4CD7-949B-2DDF3E54A13E}.Ad-Hoc|iPhoneSimulator.ActiveCfg = Release|Any CPU
		{AE9830E9-1E5F-4CD7-949B-2DDF3E54A13E}.Ad-Hoc|iPhoneSimulator.Build.0 = Release|Any CPU
		{AE9830E9-1E5F-4CD7-949B-2DDF3E54A13E}.Ad-Hoc|x64.ActiveCfg = Release|Any CPU
		{AE9830E9-1E5F-4CD7-949B-2DDF3E54A13E}.Ad-Hoc|x64.Build.0 = Release|Any CPU
		{AE9830E9-1E5F-4CD7-949B-2DDF3E54A13E}.Ad-Hoc|x86.ActiveCfg = Release|Any CPU
		{AE9830E9-1E5F-4CD7-949B-2DDF3E54A13E}.Ad-Hoc|x86.Build.0 = Release|Any CPU
		{AE9830E9-1E5F-4CD7-949B-2DDF3E54A13E}.AppStore|Any CPU.ActiveCfg = Release|Any CPU
		{AE9830E9-1E5F-4CD7-949B-2DDF3E54A13E}.AppStore|Any CPU.Build.0 = Release|Any CPU
		{AE9830E9-1E5F-4CD7-949B-2DDF3E54A13E}.AppStore|ARM.ActiveCfg = Release|Any CPU
		{AE9830E9-1E5F-4CD7-949B-2DDF3E54A13E}.AppStore|ARM.Build.0 = Release|Any CPU
		{AE9830E9-1E5F-4CD7-949B-2DDF3E54A13E}.AppStore|iPhone.ActiveCfg = Release|Any CPU
		{AE9830E9-1E5F-4CD7-949B-2DDF3E54A13E}.AppStore|iPhone.Build.0 = Release|Any CPU
		{AE9830E9-1E5F-4CD7-949B-2DDF3E54A13E}.AppStore|iPhoneSimulator.ActiveCfg = Release|Any CPU
		{AE9830E9-1E5F-4CD7-949B-2DDF3E54A13E}.AppStore|iPhoneSimulator.Build.0 = Release|Any CPU
		{AE9830E9-1E5F-4CD7-949B-2DDF3E54A13E}.AppStore|x64.ActiveCfg = Release|Any CPU
		{AE9830E9-1E5F-4CD7-949B-2DDF3E54A13E}.AppStore|x64.Build.0 = Release|Any CPU
		{AE9830E9-1E5F-4CD7-949B-2DDF3E54A13E}.AppStore|x86.ActiveCfg = Release|Any CPU
		{AE9830E9-1E5F-4CD7-949B-2DDF3E54A13E}.AppStore|x86.Build.0 = Release|Any CPU
		{AE9830E9-1E5F-4CD7-949B-2DDF3E54A13E}.Debug|Any CPU.ActiveCfg = Debug|Any CPU
		{AE9830E9-1E5F-4CD7-949B-2DDF3E54A13E}.Debug|Any CPU.Build.0 = Debug|Any CPU
		{AE9830E9-1E5F-4CD7-949B-2DDF3E54A13E}.Debug|ARM.ActiveCfg = Debug|Any CPU
		{AE9830E9-1E5F-4CD7-949B-2DDF3E54A13E}.Debug|ARM.Build.0 = Debug|Any CPU
		{AE9830E9-1E5F-4CD7-949B-2DDF3E54A13E}.Debug|iPhone.ActiveCfg = Debug|Any CPU
		{AE9830E9-1E5F-4CD7-949B-2DDF3E54A13E}.Debug|iPhone.Build.0 = Debug|Any CPU
		{AE9830E9-1E5F-4CD7-949B-2DDF3E54A13E}.Debug|iPhoneSimulator.ActiveCfg = Debug|Any CPU
		{AE9830E9-1E5F-4CD7-949B-2DDF3E54A13E}.Debug|iPhoneSimulator.Build.0 = Debug|Any CPU
		{AE9830E9-1E5F-4CD7-949B-2DDF3E54A13E}.Debug|x64.ActiveCfg = Debug|Any CPU
		{AE9830E9-1E5F-4CD7-949B-2DDF3E54A13E}.Debug|x64.Build.0 = Debug|Any CPU
		{AE9830E9-1E5F-4CD7-949B-2DDF3E54A13E}.Debug|x86.ActiveCfg = Debug|Any CPU
		{AE9830E9-1E5F-4CD7-949B-2DDF3E54A13E}.Debug|x86.Build.0 = Debug|Any CPU
		{AE9830E9-1E5F-4CD7-949B-2DDF3E54A13E}.Release|Any CPU.ActiveCfg = Release|Any CPU
		{AE9830E9-1E5F-4CD7-949B-2DDF3E54A13E}.Release|Any CPU.Build.0 = Release|Any CPU
		{AE9830E9-1E5F-4CD7-949B-2DDF3E54A13E}.Release|ARM.ActiveCfg = Release|Any CPU
		{AE9830E9-1E5F-4CD7-949B-2DDF3E54A13E}.Release|ARM.Build.0 = Release|Any CPU
		{AE9830E9-1E5F-4CD7-949B-2DDF3E54A13E}.Release|iPhone.ActiveCfg = Release|Any CPU
		{AE9830E9-1E5F-4CD7-949B-2DDF3E54A13E}.Release|iPhone.Build.0 = Release|Any CPU
		{AE9830E9-1E5F-4CD7-949B-2DDF3E54A13E}.Release|iPhoneSimulator.ActiveCfg = Release|Any CPU
		{AE9830E9-1E5F-4CD7-949B-2DDF3E54A13E}.Release|iPhoneSimulator.Build.0 = Release|Any CPU
		{AE9830E9-1E5F-4CD7-949B-2DDF3E54A13E}.Release|x64.ActiveCfg = Release|Any CPU
		{AE9830E9-1E5F-4CD7-949B-2DDF3E54A13E}.Release|x64.Build.0 = Release|Any CPU
		{AE9830E9-1E5F-4CD7-949B-2DDF3E54A13E}.Release|x86.ActiveCfg = Release|Any CPU
		{AE9830E9-1E5F-4CD7-949B-2DDF3E54A13E}.Release|x86.Build.0 = Release|Any CPU
		{E7C85192-A119-424E-A24A-501AA90663E7}.Ad-Hoc|Any CPU.ActiveCfg = Release|Any CPU
		{E7C85192-A119-424E-A24A-501AA90663E7}.Ad-Hoc|Any CPU.Build.0 = Release|Any CPU
		{E7C85192-A119-424E-A24A-501AA90663E7}.Ad-Hoc|ARM.ActiveCfg = Release|Any CPU
		{E7C85192-A119-424E-A24A-501AA90663E7}.Ad-Hoc|ARM.Build.0 = Release|Any CPU
		{E7C85192-A119-424E-A24A-501AA90663E7}.Ad-Hoc|iPhone.ActiveCfg = Release|Any CPU
		{E7C85192-A119-424E-A24A-501AA90663E7}.Ad-Hoc|iPhone.Build.0 = Release|Any CPU
		{E7C85192-A119-424E-A24A-501AA90663E7}.Ad-Hoc|iPhoneSimulator.ActiveCfg = Release|Any CPU
		{E7C85192-A119-424E-A24A-501AA90663E7}.Ad-Hoc|iPhoneSimulator.Build.0 = Release|Any CPU
		{E7C85192-A119-424E-A24A-501AA90663E7}.Ad-Hoc|x64.ActiveCfg = Release|Any CPU
		{E7C85192-A119-424E-A24A-501AA90663E7}.Ad-Hoc|x64.Build.0 = Release|Any CPU
		{E7C85192-A119-424E-A24A-501AA90663E7}.Ad-Hoc|x86.ActiveCfg = Release|Any CPU
		{E7C85192-A119-424E-A24A-501AA90663E7}.Ad-Hoc|x86.Build.0 = Release|Any CPU
		{E7C85192-A119-424E-A24A-501AA90663E7}.AppStore|Any CPU.ActiveCfg = Release|Any CPU
		{E7C85192-A119-424E-A24A-501AA90663E7}.AppStore|Any CPU.Build.0 = Release|Any CPU
		{E7C85192-A119-424E-A24A-501AA90663E7}.AppStore|ARM.ActiveCfg = Release|Any CPU
		{E7C85192-A119-424E-A24A-501AA90663E7}.AppStore|ARM.Build.0 = Release|Any CPU
		{E7C85192-A119-424E-A24A-501AA90663E7}.AppStore|iPhone.ActiveCfg = Release|Any CPU
		{E7C85192-A119-424E-A24A-501AA90663E7}.AppStore|iPhone.Build.0 = Release|Any CPU
		{E7C85192-A119-424E-A24A-501AA90663E7}.AppStore|iPhoneSimulator.ActiveCfg = Release|Any CPU
		{E7C85192-A119-424E-A24A-501AA90663E7}.AppStore|iPhoneSimulator.Build.0 = Release|Any CPU
		{E7C85192-A119-424E-A24A-501AA90663E7}.AppStore|x64.ActiveCfg = Release|Any CPU
		{E7C85192-A119-424E-A24A-501AA90663E7}.AppStore|x64.Build.0 = Release|Any CPU
		{E7C85192-A119-424E-A24A-501AA90663E7}.AppStore|x86.ActiveCfg = Release|Any CPU
		{E7C85192-A119-424E-A24A-501AA90663E7}.AppStore|x86.Build.0 = Release|Any CPU
		{E7C85192-A119-424E-A24A-501AA90663E7}.Debug|Any CPU.ActiveCfg = Debug|Any CPU
		{E7C85192-A119-424E-A24A-501AA90663E7}.Debug|Any CPU.Build.0 = Debug|Any CPU
		{E7C85192-A119-424E-A24A-501AA90663E7}.Debug|ARM.ActiveCfg = Debug|Any CPU
		{E7C85192-A119-424E-A24A-501AA90663E7}.Debug|ARM.Build.0 = Debug|Any CPU
		{E7C85192-A119-424E-A24A-501AA90663E7}.Debug|iPhone.ActiveCfg = Debug|Any CPU
		{E7C85192-A119-424E-A24A-501AA90663E7}.Debug|iPhone.Build.0 = Debug|Any CPU
		{E7C85192-A119-424E-A24A-501AA90663E7}.Debug|iPhoneSimulator.ActiveCfg = Debug|Any CPU
		{E7C85192-A119-424E-A24A-501AA90663E7}.Debug|iPhoneSimulator.Build.0 = Debug|Any CPU
		{E7C85192-A119-424E-A24A-501AA90663E7}.Debug|x64.ActiveCfg = Debug|Any CPU
		{E7C85192-A119-424E-A24A-501AA90663E7}.Debug|x64.Build.0 = Debug|Any CPU
		{E7C85192-A119-424E-A24A-501AA90663E7}.Debug|x86.ActiveCfg = Debug|Any CPU
		{E7C85192-A119-424E-A24A-501AA90663E7}.Debug|x86.Build.0 = Debug|Any CPU
		{E7C85192-A119-424E-A24A-501AA90663E7}.Release|Any CPU.ActiveCfg = Release|Any CPU
		{E7C85192-A119-424E-A24A-501AA90663E7}.Release|Any CPU.Build.0 = Release|Any CPU
		{E7C85192-A119-424E-A24A-501AA90663E7}.Release|ARM.ActiveCfg = Release|Any CPU
		{E7C85192-A119-424E-A24A-501AA90663E7}.Release|ARM.Build.0 = Release|Any CPU
		{E7C85192-A119-424E-A24A-501AA90663E7}.Release|iPhone.ActiveCfg = Release|Any CPU
		{E7C85192-A119-424E-A24A-501AA90663E7}.Release|iPhone.Build.0 = Release|Any CPU
		{E7C85192-A119-424E-A24A-501AA90663E7}.Release|iPhoneSimulator.ActiveCfg = Release|Any CPU
		{E7C85192-A119-424E-A24A-501AA90663E7}.Release|iPhoneSimulator.Build.0 = Release|Any CPU
		{E7C85192-A119-424E-A24A-501AA90663E7}.Release|x64.ActiveCfg = Release|Any CPU
		{E7C85192-A119-424E-A24A-501AA90663E7}.Release|x64.Build.0 = Release|Any CPU
		{E7C85192-A119-424E-A24A-501AA90663E7}.Release|x86.ActiveCfg = Release|Any CPU
		{E7C85192-A119-424E-A24A-501AA90663E7}.Release|x86.Build.0 = Release|Any CPU
		{512BDBBE-D168-4D9C-B2A0-C5D81061C76C}.Ad-Hoc|Any CPU.ActiveCfg = Release|Any CPU
		{512BDBBE-D168-4D9C-B2A0-C5D81061C76C}.Ad-Hoc|Any CPU.Build.0 = Release|Any CPU
		{512BDBBE-D168-4D9C-B2A0-C5D81061C76C}.Ad-Hoc|ARM.ActiveCfg = Release|Any CPU
		{512BDBBE-D168-4D9C-B2A0-C5D81061C76C}.Ad-Hoc|ARM.Build.0 = Release|Any CPU
		{512BDBBE-D168-4D9C-B2A0-C5D81061C76C}.Ad-Hoc|iPhone.ActiveCfg = Release|Any CPU
		{512BDBBE-D168-4D9C-B2A0-C5D81061C76C}.Ad-Hoc|iPhone.Build.0 = Release|Any CPU
		{512BDBBE-D168-4D9C-B2A0-C5D81061C76C}.Ad-Hoc|iPhoneSimulator.ActiveCfg = Release|Any CPU
		{512BDBBE-D168-4D9C-B2A0-C5D81061C76C}.Ad-Hoc|iPhoneSimulator.Build.0 = Release|Any CPU
		{512BDBBE-D168-4D9C-B2A0-C5D81061C76C}.Ad-Hoc|x64.ActiveCfg = Release|Any CPU
		{512BDBBE-D168-4D9C-B2A0-C5D81061C76C}.Ad-Hoc|x64.Build.0 = Release|Any CPU
		{512BDBBE-D168-4D9C-B2A0-C5D81061C76C}.Ad-Hoc|x86.ActiveCfg = Release|Any CPU
		{512BDBBE-D168-4D9C-B2A0-C5D81061C76C}.Ad-Hoc|x86.Build.0 = Release|Any CPU
		{512BDBBE-D168-4D9C-B2A0-C5D81061C76C}.AppStore|Any CPU.ActiveCfg = Release|Any CPU
		{512BDBBE-D168-4D9C-B2A0-C5D81061C76C}.AppStore|Any CPU.Build.0 = Release|Any CPU
		{512BDBBE-D168-4D9C-B2A0-C5D81061C76C}.AppStore|ARM.ActiveCfg = Release|Any CPU
		{512BDBBE-D168-4D9C-B2A0-C5D81061C76C}.AppStore|ARM.Build.0 = Release|Any CPU
		{512BDBBE-D168-4D9C-B2A0-C5D81061C76C}.AppStore|iPhone.ActiveCfg = Release|Any CPU
		{512BDBBE-D168-4D9C-B2A0-C5D81061C76C}.AppStore|iPhone.Build.0 = Release|Any CPU
		{512BDBBE-D168-4D9C-B2A0-C5D81061C76C}.AppStore|iPhoneSimulator.ActiveCfg = Release|Any CPU
		{512BDBBE-D168-4D9C-B2A0-C5D81061C76C}.AppStore|iPhoneSimulator.Build.0 = Release|Any CPU
		{512BDBBE-D168-4D9C-B2A0-C5D81061C76C}.AppStore|x64.ActiveCfg = Release|Any CPU
		{512BDBBE-D168-4D9C-B2A0-C5D81061C76C}.AppStore|x64.Build.0 = Release|Any CPU
		{512BDBBE-D168-4D9C-B2A0-C5D81061C76C}.AppStore|x86.ActiveCfg = Release|Any CPU
		{512BDBBE-D168-4D9C-B2A0-C5D81061C76C}.AppStore|x86.Build.0 = Release|Any CPU
		{512BDBBE-D168-4D9C-B2A0-C5D81061C76C}.Debug|Any CPU.ActiveCfg = Debug|Any CPU
		{512BDBBE-D168-4D9C-B2A0-C5D81061C76C}.Debug|Any CPU.Build.0 = Debug|Any CPU
		{512BDBBE-D168-4D9C-B2A0-C5D81061C76C}.Debug|ARM.ActiveCfg = Debug|Any CPU
		{512BDBBE-D168-4D9C-B2A0-C5D81061C76C}.Debug|ARM.Build.0 = Debug|Any CPU
		{512BDBBE-D168-4D9C-B2A0-C5D81061C76C}.Debug|iPhone.ActiveCfg = Debug|Any CPU
		{512BDBBE-D168-4D9C-B2A0-C5D81061C76C}.Debug|iPhone.Build.0 = Debug|Any CPU
		{512BDBBE-D168-4D9C-B2A0-C5D81061C76C}.Debug|iPhoneSimulator.ActiveCfg = Debug|Any CPU
		{512BDBBE-D168-4D9C-B2A0-C5D81061C76C}.Debug|iPhoneSimulator.Build.0 = Debug|Any CPU
		{512BDBBE-D168-4D9C-B2A0-C5D81061C76C}.Debug|x64.ActiveCfg = Debug|Any CPU
		{512BDBBE-D168-4D9C-B2A0-C5D81061C76C}.Debug|x64.Build.0 = Debug|Any CPU
		{512BDBBE-D168-4D9C-B2A0-C5D81061C76C}.Debug|x86.ActiveCfg = Debug|Any CPU
		{512BDBBE-D168-4D9C-B2A0-C5D81061C76C}.Debug|x86.Build.0 = Debug|Any CPU
		{512BDBBE-D168-4D9C-B2A0-C5D81061C76C}.Release|Any CPU.ActiveCfg = Release|Any CPU
		{512BDBBE-D168-4D9C-B2A0-C5D81061C76C}.Release|Any CPU.Build.0 = Release|Any CPU
		{512BDBBE-D168-4D9C-B2A0-C5D81061C76C}.Release|ARM.ActiveCfg = Release|Any CPU
		{512BDBBE-D168-4D9C-B2A0-C5D81061C76C}.Release|ARM.Build.0 = Release|Any CPU
		{512BDBBE-D168-4D9C-B2A0-C5D81061C76C}.Release|iPhone.ActiveCfg = Release|Any CPU
		{512BDBBE-D168-4D9C-B2A0-C5D81061C76C}.Release|iPhone.Build.0 = Release|Any CPU
		{512BDBBE-D168-4D9C-B2A0-C5D81061C76C}.Release|iPhoneSimulator.ActiveCfg = Release|Any CPU
		{512BDBBE-D168-4D9C-B2A0-C5D81061C76C}.Release|iPhoneSimulator.Build.0 = Release|Any CPU
		{512BDBBE-D168-4D9C-B2A0-C5D81061C76C}.Release|x64.ActiveCfg = Release|Any CPU
		{512BDBBE-D168-4D9C-B2A0-C5D81061C76C}.Release|x64.Build.0 = Release|Any CPU
		{512BDBBE-D168-4D9C-B2A0-C5D81061C76C}.Release|x86.ActiveCfg = Release|Any CPU
		{512BDBBE-D168-4D9C-B2A0-C5D81061C76C}.Release|x86.Build.0 = Release|Any CPU
	EndGlobalSection
	GlobalSection(SolutionProperties) = preSolution
		HideSolutionNode = FALSE
	EndGlobalSection
	GlobalSection(ExtensibilityGlobals) = postSolution
		SolutionGuid = {A84BBCA8-0C7B-4E65-B5D9-CD1C0A2ACAA9}
	EndGlobalSection
EndGlobal
